
Microsoft Visual Studio Solution File, Format Version 12.00
# Visual Studio 2012
VisualStudioVersion = 12.0.31101.0
MinimumVisualStudioVersion = 10.0.40219.1
Project("{2150E333-8FDC-42A3-9474-1A3956D46DE8}") = "Droid", "Droid", "{19F7345F-A758-4B1C-9C8F-7D54D62BC5C2}"
EndProject
Project("{FAE04EC0-301F-11D3-BF4B-00C04F79EFBC}") = "Droid", "Droid\Droid.csproj", "{82D90133-B8A7-4810-B2C4-661808A0062B}"
EndProject
Project("{FAE04EC0-301F-11D3-BF4B-00C04F79EFBC}") = "Droid.Phone", "Droid.Phone\Droid.Phone.csproj", "{8E25E0C6-BAAF-45DE-AE8C-0A7A6B84DE23}"
EndProject
Project("{2150E333-8FDC-42A3-9474-1A3956D46DE8}") = "iOS", "iOS", "{772F7A6F-9237-4FC6-BEDF-2F12C361CA3E}"
EndProject
Project("{FAE04EC0-301F-11D3-BF4B-00C04F79EFBC}") = "iOS", "iOS\iOS.csproj", "{04815E0A-0E38-4A0F-A821-530C371CD2DA}"
EndProject
Project("{FAE04EC0-301F-11D3-BF4B-00C04F79EFBC}") = "iOS.Phone", "iOS.Phone\iOS.Phone.csproj", "{89E087F1-CE85-443F-8AA9-ABB0867BEE41}"
EndProject
Project("{2150E333-8FDC-42A3-9474-1A3956D46DE8}") = "Shared", "Shared", "{204AD090-2AA2-4384-A7B8-F719D462E46F}"
EndProject
Project("{FAE04EC0-301F-11D3-BF4B-00C04F79EFBC}") = "Shared.Common", "Shared.Common\Shared.Common.csproj", "{CF876A71-9E29-4F7C-ABC7-BE9FE04E47B4}"
EndProject
Project("{FAE04EC0-301F-11D3-BF4B-00C04F79EFBC}") = "Shared.VM", "Shared.VM\Shared.VM.csproj", "{8BA73740-09B9-4923-8D33-B4539FAB205F}"
EndProject
Project("{FAE04EC0-301F-11D3-BF4B-00C04F79EFBC}") = "Shared.Bootstrapper", "Shared.Bootstrapper\Shared.Bootstrapper.csproj", "{8238DFDC-C0D3-425C-919D-24A958297403}"
EndProject
Project("{FAE04EC0-301F-11D3-BF4B-00C04F79EFBC}") = "Shared.Api", "Shared.Api\Shared.Api.csproj", "{57D15B6D-9101-4615-8FD3-87565A0BAA5B}"
EndProject
Project("{FAE04EC0-301F-11D3-BF4B-00C04F79EFBC}") = "Shared.Service", "Shared.Service\Shared.Service.csproj", "{6BC8D2B7-7FA1-4642-873F-59357FAB0904}"
EndProject
Project("{FAE04EC0-301F-11D3-BF4B-00C04F79EFBC}") = "Shared.Repo", "Shared.Repo\Shared.Repo.csproj", "{D089B658-A2BC-46EF-A5D4-67314688CA53}"
EndProject
Project("{2150E333-8FDC-42A3-9474-1A3956D46DE8}") = "Tests", "Tests", "{AF03FB2D-EE30-483B-99AE-9840C94D51BA}"
EndProject
Project("{FAE04EC0-301F-11D3-BF4B-00C04F79EFBC}") = "UITests.Phone", "UITests.Phone\UITests.Phone.csproj", "{FC44FC15-710C-4A64-9C5F-40D4751F31C6}"
EndProject
Project("{FAE04EC0-301F-11D3-BF4B-00C04F79EFBC}") = "UnitTests", "UITests.Phone\UnitTests\UnitTests.csproj", "{F74FC323-5DDC-4461-A881-11BDF38DE43D}"
EndProject
Global
	GlobalSection(SolutionConfigurationPlatforms) = preSolution
		Ad-Hoc|Any CPU = Ad-Hoc|Any CPU
		Ad-Hoc|iPhone = Ad-Hoc|iPhone
		Ad-Hoc|iPhoneSimulator = Ad-Hoc|iPhoneSimulator
		AppStore|Any CPU = AppStore|Any CPU
		AppStore|iPhone = AppStore|iPhone
		AppStore|iPhoneSimulator = AppStore|iPhoneSimulator
		BypassNavigation|Any CPU = BypassNavigation|Any CPU
		BypassNavigation|iPhone = BypassNavigation|iPhone
		BypassNavigation|iPhoneSimulator = BypassNavigation|iPhoneSimulator
		Debug|Any CPU = Debug|Any CPU
		Debug|iPhone = Debug|iPhone
		Debug|iPhoneSimulator = Debug|iPhoneSimulator
		Droid|Any CPU = Droid|Any CPU
		Droid|iPhone = Droid|iPhone
		Droid|iPhoneSimulator = Droid|iPhoneSimulator
		DroidRelease|Any CPU = DroidRelease|Any CPU
		DroidRelease|iPhone = DroidRelease|iPhone
		DroidRelease|iPhoneSimulator = DroidRelease|iPhoneSimulator
		DroidTest|Any CPU = DroidTest|Any CPU
		DroidTest|iPhone = DroidTest|iPhone
		DroidTest|iPhoneSimulator = DroidTest|iPhoneSimulator
		Release|Any CPU = Release|Any CPU
		Release|iPhone = Release|iPhone
		Release|iPhoneSimulator = Release|iPhoneSimulator
	EndGlobalSection
	GlobalSection(ProjectConfigurationPlatforms) = postSolution
		{04815E0A-0E38-4A0F-A821-530C371CD2DA}.Ad-Hoc|Any CPU.ActiveCfg = Debug|Any CPU
		{04815E0A-0E38-4A0F-A821-530C371CD2DA}.Ad-Hoc|iPhone.ActiveCfg = Release|Any CPU
		{04815E0A-0E38-4A0F-A821-530C371CD2DA}.Ad-Hoc|iPhone.Build.0 = Release|Any CPU
		{04815E0A-0E38-4A0F-A821-530C371CD2DA}.Ad-Hoc|iPhoneSimulator.ActiveCfg = Debug|Any CPU
		{04815E0A-0E38-4A0F-A821-530C371CD2DA}.AppStore|Any CPU.ActiveCfg = Debug|Any CPU
		{04815E0A-0E38-4A0F-A821-530C371CD2DA}.AppStore|iPhone.ActiveCfg = Release|Any CPU
		{04815E0A-0E38-4A0F-A821-530C371CD2DA}.AppStore|iPhone.Build.0 = Release|Any CPU
		{04815E0A-0E38-4A0F-A821-530C371CD2DA}.AppStore|iPhoneSimulator.ActiveCfg = Debug|Any CPU
		{04815E0A-0E38-4A0F-A821-530C371CD2DA}.BypassNavigation|Any CPU.ActiveCfg = Debug|Any CPU
		{04815E0A-0E38-4A0F-A821-530C371CD2DA}.BypassNavigation|iPhone.ActiveCfg = Debug|Any CPU
		{04815E0A-0E38-4A0F-A821-530C371CD2DA}.BypassNavigation|iPhone.Build.0 = Debug|Any CPU
		{04815E0A-0E38-4A0F-A821-530C371CD2DA}.BypassNavigation|iPhoneSimulator.ActiveCfg = Debug|Any CPU
		{04815E0A-0E38-4A0F-A821-530C371CD2DA}.BypassNavigation|iPhoneSimulator.Build.0 = Debug|Any CPU
		{04815E0A-0E38-4A0F-A821-530C371CD2DA}.Debug|Any CPU.ActiveCfg = Debug|Any CPU
		{04815E0A-0E38-4A0F-A821-530C371CD2DA}.Debug|Any CPU.Build.0 = Debug|Any CPU
		{04815E0A-0E38-4A0F-A821-530C371CD2DA}.Debug|iPhone.ActiveCfg = Debug|Any CPU
		{04815E0A-0E38-4A0F-A821-530C371CD2DA}.Debug|iPhone.Build.0 = Debug|Any CPU
		{04815E0A-0E38-4A0F-A821-530C371CD2DA}.Debug|iPhoneSimulator.ActiveCfg = Debug|Any CPU
		{04815E0A-0E38-4A0F-A821-530C371CD2DA}.Debug|iPhoneSimulator.Build.0 = Debug|Any CPU
		{04815E0A-0E38-4A0F-A821-530C371CD2DA}.Droid|Any CPU.ActiveCfg = Debug|Any CPU
		{04815E0A-0E38-4A0F-A821-530C371CD2DA}.Droid|iPhone.ActiveCfg = Debug|Any CPU
		{04815E0A-0E38-4A0F-A821-530C371CD2DA}.Droid|iPhoneSimulator.ActiveCfg = Debug|Any CPU
		{04815E0A-0E38-4A0F-A821-530C371CD2DA}.DroidRelease|Any CPU.ActiveCfg = Debug|Any CPU
		{04815E0A-0E38-4A0F-A821-530C371CD2DA}.DroidRelease|iPhone.ActiveCfg = Debug|Any CPU
		{04815E0A-0E38-4A0F-A821-530C371CD2DA}.DroidRelease|iPhoneSimulator.ActiveCfg = Debug|Any CPU
		{04815E0A-0E38-4A0F-A821-530C371CD2DA}.DroidTest|Any CPU.ActiveCfg = Debug|Any CPU
		{04815E0A-0E38-4A0F-A821-530C371CD2DA}.DroidTest|iPhone.ActiveCfg = Debug|Any CPU
		{04815E0A-0E38-4A0F-A821-530C371CD2DA}.DroidTest|iPhoneSimulator.ActiveCfg = Debug|Any CPU
		{04815E0A-0E38-4A0F-A821-530C371CD2DA}.Release|Any CPU.ActiveCfg = Release|Any CPU
		{04815E0A-0E38-4A0F-A821-530C371CD2DA}.Release|Any CPU.Build.0 = Release|Any CPU
		{04815E0A-0E38-4A0F-A821-530C371CD2DA}.Release|iPhone.ActiveCfg = Release|Any CPU
		{04815E0A-0E38-4A0F-A821-530C371CD2DA}.Release|iPhone.Build.0 = Release|Any CPU
		{04815E0A-0E38-4A0F-A821-530C371CD2DA}.Release|iPhoneSimulator.ActiveCfg = Release|Any CPU
		{04815E0A-0E38-4A0F-A821-530C371CD2DA}.Release|iPhoneSimulator.Build.0 = Release|Any CPU
		{57D15B6D-9101-4615-8FD3-87565A0BAA5B}.Ad-Hoc|Any CPU.ActiveCfg = Release|Any CPU
		{57D15B6D-9101-4615-8FD3-87565A0BAA5B}.Ad-Hoc|Any CPU.Build.0 = Release|Any CPU
		{57D15B6D-9101-4615-8FD3-87565A0BAA5B}.Ad-Hoc|iPhone.ActiveCfg = Release|Any CPU
		{57D15B6D-9101-4615-8FD3-87565A0BAA5B}.Ad-Hoc|iPhone.Build.0 = Release|Any CPU
		{57D15B6D-9101-4615-8FD3-87565A0BAA5B}.Ad-Hoc|iPhoneSimulator.ActiveCfg = Release|Any CPU
		{57D15B6D-9101-4615-8FD3-87565A0BAA5B}.Ad-Hoc|iPhoneSimulator.Build.0 = Release|Any CPU
		{57D15B6D-9101-4615-8FD3-87565A0BAA5B}.AppStore|Any CPU.ActiveCfg = Release|Any CPU
		{57D15B6D-9101-4615-8FD3-87565A0BAA5B}.AppStore|Any CPU.Build.0 = Release|Any CPU
		{57D15B6D-9101-4615-8FD3-87565A0BAA5B}.AppStore|iPhone.ActiveCfg = Release|Any CPU
		{57D15B6D-9101-4615-8FD3-87565A0BAA5B}.AppStore|iPhone.Build.0 = Release|Any CPU
		{57D15B6D-9101-4615-8FD3-87565A0BAA5B}.AppStore|iPhoneSimulator.ActiveCfg = Release|Any CPU
		{57D15B6D-9101-4615-8FD3-87565A0BAA5B}.AppStore|iPhoneSimulator.Build.0 = Release|Any CPU
		{57D15B6D-9101-4615-8FD3-87565A0BAA5B}.BypassNavigation|Any CPU.ActiveCfg = Release|Any CPU
		{57D15B6D-9101-4615-8FD3-87565A0BAA5B}.BypassNavigation|Any CPU.Build.0 = Release|Any CPU
		{57D15B6D-9101-4615-8FD3-87565A0BAA5B}.BypassNavigation|iPhone.ActiveCfg = Debug|Any CPU
		{57D15B6D-9101-4615-8FD3-87565A0BAA5B}.BypassNavigation|iPhone.Build.0 = Debug|Any CPU
		{57D15B6D-9101-4615-8FD3-87565A0BAA5B}.BypassNavigation|iPhoneSimulator.ActiveCfg = Debug|Any CPU
		{57D15B6D-9101-4615-8FD3-87565A0BAA5B}.BypassNavigation|iPhoneSimulator.Build.0 = Debug|Any CPU
		{57D15B6D-9101-4615-8FD3-87565A0BAA5B}.Debug|Any CPU.ActiveCfg = Debug|Any CPU
		{57D15B6D-9101-4615-8FD3-87565A0BAA5B}.Debug|Any CPU.Build.0 = Debug|Any CPU
		{57D15B6D-9101-4615-8FD3-87565A0BAA5B}.Debug|iPhone.ActiveCfg = Debug|Any CPU
		{57D15B6D-9101-4615-8FD3-87565A0BAA5B}.Debug|iPhone.Build.0 = Debug|Any CPU
		{57D15B6D-9101-4615-8FD3-87565A0BAA5B}.Debug|iPhoneSimulator.ActiveCfg = Debug|Any CPU
		{57D15B6D-9101-4615-8FD3-87565A0BAA5B}.Debug|iPhoneSimulator.Build.0 = Debug|Any CPU
		{57D15B6D-9101-4615-8FD3-87565A0BAA5B}.Droid|Any CPU.ActiveCfg = Debug|Any CPU
		{57D15B6D-9101-4615-8FD3-87565A0BAA5B}.Droid|Any CPU.Build.0 = Debug|Any CPU
		{57D15B6D-9101-4615-8FD3-87565A0BAA5B}.Droid|iPhone.ActiveCfg = Debug|Any CPU
		{57D15B6D-9101-4615-8FD3-87565A0BAA5B}.Droid|iPhone.Build.0 = Debug|Any CPU
		{57D15B6D-9101-4615-8FD3-87565A0BAA5B}.Droid|iPhoneSimulator.ActiveCfg = Debug|Any CPU
		{57D15B6D-9101-4615-8FD3-87565A0BAA5B}.Droid|iPhoneSimulator.Build.0 = Debug|Any CPU
		{57D15B6D-9101-4615-8FD3-87565A0BAA5B}.DroidRelease|Any CPU.ActiveCfg = Debug|Any CPU
		{57D15B6D-9101-4615-8FD3-87565A0BAA5B}.DroidRelease|Any CPU.Build.0 = Debug|Any CPU
		{57D15B6D-9101-4615-8FD3-87565A0BAA5B}.DroidRelease|iPhone.ActiveCfg = Debug|Any CPU
		{57D15B6D-9101-4615-8FD3-87565A0BAA5B}.DroidRelease|iPhone.Build.0 = Debug|Any CPU
		{57D15B6D-9101-4615-8FD3-87565A0BAA5B}.DroidRelease|iPhoneSimulator.ActiveCfg = Debug|Any CPU
		{57D15B6D-9101-4615-8FD3-87565A0BAA5B}.DroidRelease|iPhoneSimulator.Build.0 = Debug|Any CPU
		{57D15B6D-9101-4615-8FD3-87565A0BAA5B}.DroidTest|Any CPU.ActiveCfg = Debug|Any CPU
		{57D15B6D-9101-4615-8FD3-87565A0BAA5B}.DroidTest|Any CPU.Build.0 = Debug|Any CPU
		{57D15B6D-9101-4615-8FD3-87565A0BAA5B}.DroidTest|iPhone.ActiveCfg = Debug|Any CPU
		{57D15B6D-9101-4615-8FD3-87565A0BAA5B}.DroidTest|iPhone.Build.0 = Debug|Any CPU
		{57D15B6D-9101-4615-8FD3-87565A0BAA5B}.DroidTest|iPhoneSimulator.ActiveCfg = Debug|Any CPU
		{57D15B6D-9101-4615-8FD3-87565A0BAA5B}.DroidTest|iPhoneSimulator.Build.0 = Debug|Any CPU
		{57D15B6D-9101-4615-8FD3-87565A0BAA5B}.Release|Any CPU.ActiveCfg = Release|Any CPU
		{57D15B6D-9101-4615-8FD3-87565A0BAA5B}.Release|Any CPU.Build.0 = Release|Any CPU
		{57D15B6D-9101-4615-8FD3-87565A0BAA5B}.Release|iPhone.ActiveCfg = Release|Any CPU
		{57D15B6D-9101-4615-8FD3-87565A0BAA5B}.Release|iPhone.Build.0 = Release|Any CPU
		{57D15B6D-9101-4615-8FD3-87565A0BAA5B}.Release|iPhoneSimulator.ActiveCfg = Release|Any CPU
		{57D15B6D-9101-4615-8FD3-87565A0BAA5B}.Release|iPhoneSimulator.Build.0 = Release|Any CPU
		{6BC8D2B7-7FA1-4642-873F-59357FAB0904}.Ad-Hoc|Any CPU.ActiveCfg = Release|Any CPU
		{6BC8D2B7-7FA1-4642-873F-59357FAB0904}.Ad-Hoc|Any CPU.Build.0 = Release|Any CPU
		{6BC8D2B7-7FA1-4642-873F-59357FAB0904}.Ad-Hoc|iPhone.ActiveCfg = Release|Any CPU
		{6BC8D2B7-7FA1-4642-873F-59357FAB0904}.Ad-Hoc|iPhone.Build.0 = Release|Any CPU
		{6BC8D2B7-7FA1-4642-873F-59357FAB0904}.Ad-Hoc|iPhoneSimulator.ActiveCfg = Release|Any CPU
		{6BC8D2B7-7FA1-4642-873F-59357FAB0904}.Ad-Hoc|iPhoneSimulator.Build.0 = Release|Any CPU
		{6BC8D2B7-7FA1-4642-873F-59357FAB0904}.AppStore|Any CPU.ActiveCfg = Release|Any CPU
		{6BC8D2B7-7FA1-4642-873F-59357FAB0904}.AppStore|Any CPU.Build.0 = Release|Any CPU
		{6BC8D2B7-7FA1-4642-873F-59357FAB0904}.AppStore|iPhone.ActiveCfg = Release|Any CPU
		{6BC8D2B7-7FA1-4642-873F-59357FAB0904}.AppStore|iPhone.Build.0 = Release|Any CPU
		{6BC8D2B7-7FA1-4642-873F-59357FAB0904}.AppStore|iPhoneSimulator.ActiveCfg = Release|Any CPU
		{6BC8D2B7-7FA1-4642-873F-59357FAB0904}.AppStore|iPhoneSimulator.Build.0 = Release|Any CPU
		{6BC8D2B7-7FA1-4642-873F-59357FAB0904}.BypassNavigation|Any CPU.ActiveCfg = Release|Any CPU
		{6BC8D2B7-7FA1-4642-873F-59357FAB0904}.BypassNavigation|Any CPU.Build.0 = Release|Any CPU
		{6BC8D2B7-7FA1-4642-873F-59357FAB0904}.BypassNavigation|iPhone.ActiveCfg = Debug|Any CPU
		{6BC8D2B7-7FA1-4642-873F-59357FAB0904}.BypassNavigation|iPhone.Build.0 = Debug|Any CPU
		{6BC8D2B7-7FA1-4642-873F-59357FAB0904}.BypassNavigation|iPhoneSimulator.ActiveCfg = Debug|Any CPU
		{6BC8D2B7-7FA1-4642-873F-59357FAB0904}.BypassNavigation|iPhoneSimulator.Build.0 = Debug|Any CPU
		{6BC8D2B7-7FA1-4642-873F-59357FAB0904}.Debug|Any CPU.ActiveCfg = Debug|Any CPU
		{6BC8D2B7-7FA1-4642-873F-59357FAB0904}.Debug|Any CPU.Build.0 = Debug|Any CPU
		{6BC8D2B7-7FA1-4642-873F-59357FAB0904}.Debug|iPhone.ActiveCfg = Debug|Any CPU
		{6BC8D2B7-7FA1-4642-873F-59357FAB0904}.Debug|iPhone.Build.0 = Debug|Any CPU
		{6BC8D2B7-7FA1-4642-873F-59357FAB0904}.Debug|iPhoneSimulator.ActiveCfg = Debug|Any CPU
		{6BC8D2B7-7FA1-4642-873F-59357FAB0904}.Debug|iPhoneSimulator.Build.0 = Debug|Any CPU
		{6BC8D2B7-7FA1-4642-873F-59357FAB0904}.Droid|Any CPU.ActiveCfg = Debug|Any CPU
		{6BC8D2B7-7FA1-4642-873F-59357FAB0904}.Droid|Any CPU.Build.0 = Debug|Any CPU
		{6BC8D2B7-7FA1-4642-873F-59357FAB0904}.Droid|iPhone.ActiveCfg = Debug|Any CPU
		{6BC8D2B7-7FA1-4642-873F-59357FAB0904}.Droid|iPhone.Build.0 = Debug|Any CPU
		{6BC8D2B7-7FA1-4642-873F-59357FAB0904}.Droid|iPhoneSimulator.ActiveCfg = Debug|Any CPU
		{6BC8D2B7-7FA1-4642-873F-59357FAB0904}.Droid|iPhoneSimulator.Build.0 = Debug|Any CPU
		{6BC8D2B7-7FA1-4642-873F-59357FAB0904}.DroidRelease|Any CPU.ActiveCfg = Debug|Any CPU
		{6BC8D2B7-7FA1-4642-873F-59357FAB0904}.DroidRelease|Any CPU.Build.0 = Debug|Any CPU
		{6BC8D2B7-7FA1-4642-873F-59357FAB0904}.DroidRelease|iPhone.ActiveCfg = Debug|Any CPU
		{6BC8D2B7-7FA1-4642-873F-59357FAB0904}.DroidRelease|iPhone.Build.0 = Debug|Any CPU
		{6BC8D2B7-7FA1-4642-873F-59357FAB0904}.DroidRelease|iPhoneSimulator.ActiveCfg = Debug|Any CPU
		{6BC8D2B7-7FA1-4642-873F-59357FAB0904}.DroidRelease|iPhoneSimulator.Build.0 = Debug|Any CPU
		{6BC8D2B7-7FA1-4642-873F-59357FAB0904}.DroidTest|Any CPU.ActiveCfg = Debug|Any CPU
		{6BC8D2B7-7FA1-4642-873F-59357FAB0904}.DroidTest|Any CPU.Build.0 = Debug|Any CPU
		{6BC8D2B7-7FA1-4642-873F-59357FAB0904}.DroidTest|iPhone.ActiveCfg = Debug|Any CPU
		{6BC8D2B7-7FA1-4642-873F-59357FAB0904}.DroidTest|iPhone.Build.0 = Debug|Any CPU
		{6BC8D2B7-7FA1-4642-873F-59357FAB0904}.DroidTest|iPhoneSimulator.ActiveCfg = Debug|Any CPU
		{6BC8D2B7-7FA1-4642-873F-59357FAB0904}.DroidTest|iPhoneSimulator.Build.0 = Debug|Any CPU
		{6BC8D2B7-7FA1-4642-873F-59357FAB0904}.Release|Any CPU.ActiveCfg = Release|Any CPU
		{6BC8D2B7-7FA1-4642-873F-59357FAB0904}.Release|Any CPU.Build.0 = Release|Any CPU
		{6BC8D2B7-7FA1-4642-873F-59357FAB0904}.Release|iPhone.ActiveCfg = Release|Any CPU
		{6BC8D2B7-7FA1-4642-873F-59357FAB0904}.Release|iPhone.Build.0 = Release|Any CPU
		{6BC8D2B7-7FA1-4642-873F-59357FAB0904}.Release|iPhoneSimulator.ActiveCfg = Release|Any CPU
		{6BC8D2B7-7FA1-4642-873F-59357FAB0904}.Release|iPhoneSimulator.Build.0 = Release|Any CPU
		{8238DFDC-C0D3-425C-919D-24A958297403}.Ad-Hoc|Any CPU.ActiveCfg = Debug|Any CPU
		{8238DFDC-C0D3-425C-919D-24A958297403}.Ad-Hoc|iPhone.ActiveCfg = Release|Any CPU
		{8238DFDC-C0D3-425C-919D-24A958297403}.Ad-Hoc|iPhone.Build.0 = Release|Any CPU
		{8238DFDC-C0D3-425C-919D-24A958297403}.Ad-Hoc|iPhoneSimulator.ActiveCfg = Debug|Any CPU
		{8238DFDC-C0D3-425C-919D-24A958297403}.AppStore|Any CPU.ActiveCfg = Debug|Any CPU
		{8238DFDC-C0D3-425C-919D-24A958297403}.AppStore|iPhone.ActiveCfg = Release|Any CPU
		{8238DFDC-C0D3-425C-919D-24A958297403}.AppStore|iPhone.Build.0 = Release|Any CPU
		{8238DFDC-C0D3-425C-919D-24A958297403}.AppStore|iPhoneSimulator.ActiveCfg = Debug|Any CPU
		{8238DFDC-C0D3-425C-919D-24A958297403}.BypassNavigation|Any CPU.ActiveCfg = Debug|Any CPU
		{8238DFDC-C0D3-425C-919D-24A958297403}.BypassNavigation|iPhone.ActiveCfg = Debug|Any CPU
		{8238DFDC-C0D3-425C-919D-24A958297403}.BypassNavigation|iPhone.Build.0 = Debug|Any CPU
		{8238DFDC-C0D3-425C-919D-24A958297403}.BypassNavigation|iPhoneSimulator.ActiveCfg = Debug|Any CPU
		{8238DFDC-C0D3-425C-919D-24A958297403}.BypassNavigation|iPhoneSimulator.Build.0 = Debug|Any CPU
		{8238DFDC-C0D3-425C-919D-24A958297403}.Debug|Any CPU.ActiveCfg = Debug|Any CPU
		{8238DFDC-C0D3-425C-919D-24A958297403}.Debug|Any CPU.Build.0 = Debug|Any CPU
		{8238DFDC-C0D3-425C-919D-24A958297403}.Debug|iPhone.ActiveCfg = Debug|Any CPU
		{8238DFDC-C0D3-425C-919D-24A958297403}.Debug|iPhone.Build.0 = Debug|Any CPU
		{8238DFDC-C0D3-425C-919D-24A958297403}.Debug|iPhoneSimulator.ActiveCfg = Debug|Any CPU
		{8238DFDC-C0D3-425C-919D-24A958297403}.Debug|iPhoneSimulator.Build.0 = Debug|Any CPU
		{8238DFDC-C0D3-425C-919D-24A958297403}.Droid|Any CPU.ActiveCfg = Debug|Any CPU
		{8238DFDC-C0D3-425C-919D-24A958297403}.Droid|Any CPU.Build.0 = Debug|Any CPU
		{8238DFDC-C0D3-425C-919D-24A958297403}.Droid|iPhone.ActiveCfg = Debug|Any CPU
		{8238DFDC-C0D3-425C-919D-24A958297403}.Droid|iPhone.Build.0 = Debug|Any CPU
		{8238DFDC-C0D3-425C-919D-24A958297403}.Droid|iPhoneSimulator.ActiveCfg = Debug|Any CPU
		{8238DFDC-C0D3-425C-919D-24A958297403}.DroidRelease|Any CPU.ActiveCfg = Release|Any CPU
		{8238DFDC-C0D3-425C-919D-24A958297403}.DroidRelease|Any CPU.Build.0 = Release|Any CPU
		{8238DFDC-C0D3-425C-919D-24A958297403}.DroidRelease|iPhone.ActiveCfg = Debug|Any CPU
		{8238DFDC-C0D3-425C-919D-24A958297403}.DroidRelease|iPhone.Build.0 = Debug|Any CPU
		{8238DFDC-C0D3-425C-919D-24A958297403}.DroidRelease|iPhoneSimulator.ActiveCfg = Debug|Any CPU
		{8238DFDC-C0D3-425C-919D-24A958297403}.DroidTest|Any CPU.ActiveCfg = Debug|Any CPU
		{8238DFDC-C0D3-425C-919D-24A958297403}.DroidTest|Any CPU.Build.0 = Debug|Any CPU
		{8238DFDC-C0D3-425C-919D-24A958297403}.DroidTest|iPhone.ActiveCfg = Debug|Any CPU
		{8238DFDC-C0D3-425C-919D-24A958297403}.DroidTest|iPhoneSimulator.ActiveCfg = Debug|Any CPU
		{8238DFDC-C0D3-425C-919D-24A958297403}.Release|Any CPU.ActiveCfg = Release|Any CPU
		{8238DFDC-C0D3-425C-919D-24A958297403}.Release|Any CPU.Build.0 = Release|Any CPU
		{8238DFDC-C0D3-425C-919D-24A958297403}.Release|iPhone.ActiveCfg = Release|Any CPU
		{8238DFDC-C0D3-425C-919D-24A958297403}.Release|iPhone.Build.0 = Release|Any CPU
		{8238DFDC-C0D3-425C-919D-24A958297403}.Release|iPhoneSimulator.ActiveCfg = Release|Any CPU
		{8238DFDC-C0D3-425C-919D-24A958297403}.Release|iPhoneSimulator.Build.0 = Release|Any CPU
		{82D90133-B8A7-4810-B2C4-661808A0062B}.Ad-Hoc|Any CPU.ActiveCfg = Debug|Any CPU
		{82D90133-B8A7-4810-B2C4-661808A0062B}.Ad-Hoc|iPhone.ActiveCfg = Release|Any CPU
		{82D90133-B8A7-4810-B2C4-661808A0062B}.Ad-Hoc|iPhone.Build.0 = Release|Any CPU
		{82D90133-B8A7-4810-B2C4-661808A0062B}.Ad-Hoc|iPhoneSimulator.ActiveCfg = Debug|Any CPU
		{82D90133-B8A7-4810-B2C4-661808A0062B}.AppStore|Any CPU.ActiveCfg = Debug|Any CPU
		{82D90133-B8A7-4810-B2C4-661808A0062B}.AppStore|iPhone.ActiveCfg = Release|Any CPU
		{82D90133-B8A7-4810-B2C4-661808A0062B}.AppStore|iPhone.Build.0 = Release|Any CPU
		{82D90133-B8A7-4810-B2C4-661808A0062B}.AppStore|iPhoneSimulator.ActiveCfg = Debug|Any CPU
		{82D90133-B8A7-4810-B2C4-661808A0062B}.BypassNavigation|Any CPU.ActiveCfg = Debug|Any CPU
		{82D90133-B8A7-4810-B2C4-661808A0062B}.BypassNavigation|iPhone.ActiveCfg = Debug|Any CPU
		{82D90133-B8A7-4810-B2C4-661808A0062B}.BypassNavigation|iPhone.Build.0 = Debug|Any CPU
		{82D90133-B8A7-4810-B2C4-661808A0062B}.BypassNavigation|iPhoneSimulator.ActiveCfg = Debug|Any CPU
		{82D90133-B8A7-4810-B2C4-661808A0062B}.BypassNavigation|iPhoneSimulator.Build.0 = Debug|Any CPU
		{82D90133-B8A7-4810-B2C4-661808A0062B}.Debug|Any CPU.ActiveCfg = Debug|Any CPU
		{82D90133-B8A7-4810-B2C4-661808A0062B}.Debug|Any CPU.Build.0 = Debug|Any CPU
		{82D90133-B8A7-4810-B2C4-661808A0062B}.Debug|iPhone.ActiveCfg = Debug|Any CPU
		{82D90133-B8A7-4810-B2C4-661808A0062B}.Debug|iPhone.Build.0 = Debug|Any CPU
		{82D90133-B8A7-4810-B2C4-661808A0062B}.Debug|iPhoneSimulator.ActiveCfg = Debug|Any CPU
		{82D90133-B8A7-4810-B2C4-661808A0062B}.Debug|iPhoneSimulator.Build.0 = Debug|Any CPU
		{82D90133-B8A7-4810-B2C4-661808A0062B}.Droid|Any CPU.ActiveCfg = Debug|Any CPU
		{82D90133-B8A7-4810-B2C4-661808A0062B}.Droid|Any CPU.Build.0 = Debug|Any CPU
		{82D90133-B8A7-4810-B2C4-661808A0062B}.Droid|iPhone.ActiveCfg = Debug|Any CPU
		{82D90133-B8A7-4810-B2C4-661808A0062B}.Droid|iPhone.Build.0 = Debug|Any CPU
		{82D90133-B8A7-4810-B2C4-661808A0062B}.Droid|iPhoneSimulator.ActiveCfg = Debug|Any CPU
		{82D90133-B8A7-4810-B2C4-661808A0062B}.DroidRelease|Any CPU.ActiveCfg = Release|Any CPU
		{82D90133-B8A7-4810-B2C4-661808A0062B}.DroidRelease|Any CPU.Build.0 = Release|Any CPU
		{82D90133-B8A7-4810-B2C4-661808A0062B}.DroidRelease|iPhone.ActiveCfg = Debug|Any CPU
		{82D90133-B8A7-4810-B2C4-661808A0062B}.DroidRelease|iPhone.Build.0 = Debug|Any CPU
		{82D90133-B8A7-4810-B2C4-661808A0062B}.DroidRelease|iPhoneSimulator.ActiveCfg = Debug|Any CPU
		{82D90133-B8A7-4810-B2C4-661808A0062B}.DroidTest|Any CPU.ActiveCfg = Debug|Any CPU
		{82D90133-B8A7-4810-B2C4-661808A0062B}.DroidTest|Any CPU.Build.0 = Debug|Any CPU
		{82D90133-B8A7-4810-B2C4-661808A0062B}.DroidTest|iPhone.ActiveCfg = Debug|Any CPU
		{82D90133-B8A7-4810-B2C4-661808A0062B}.DroidTest|iPhoneSimulator.ActiveCfg = Debug|Any CPU
		{82D90133-B8A7-4810-B2C4-661808A0062B}.Release|Any CPU.ActiveCfg = Release|Any CPU
		{82D90133-B8A7-4810-B2C4-661808A0062B}.Release|Any CPU.Build.0 = Release|Any CPU
		{82D90133-B8A7-4810-B2C4-661808A0062B}.Release|iPhone.ActiveCfg = Release|Any CPU
		{82D90133-B8A7-4810-B2C4-661808A0062B}.Release|iPhone.Build.0 = Release|Any CPU
		{82D90133-B8A7-4810-B2C4-661808A0062B}.Release|iPhoneSimulator.ActiveCfg = Release|Any CPU
		{82D90133-B8A7-4810-B2C4-661808A0062B}.Release|iPhoneSimulator.Build.0 = Release|Any CPU
		{89E087F1-CE85-443F-8AA9-ABB0867BEE41}.Ad-Hoc|Any CPU.ActiveCfg = Ad-Hoc|iPhone
		{89E087F1-CE85-443F-8AA9-ABB0867BEE41}.Ad-Hoc|iPhone.ActiveCfg = Ad-Hoc|iPhone
		{89E087F1-CE85-443F-8AA9-ABB0867BEE41}.Ad-Hoc|iPhone.Build.0 = Ad-Hoc|iPhone
		{89E087F1-CE85-443F-8AA9-ABB0867BEE41}.Ad-Hoc|iPhoneSimulator.ActiveCfg = Ad-Hoc|iPhone
		{89E087F1-CE85-443F-8AA9-ABB0867BEE41}.AppStore|Any CPU.ActiveCfg = AppStore|iPhone
		{89E087F1-CE85-443F-8AA9-ABB0867BEE41}.AppStore|iPhone.ActiveCfg = AppStore|iPhone
		{89E087F1-CE85-443F-8AA9-ABB0867BEE41}.AppStore|iPhone.Build.0 = AppStore|iPhone
		{89E087F1-CE85-443F-8AA9-ABB0867BEE41}.AppStore|iPhoneSimulator.ActiveCfg = AppStore|iPhone
		{89E087F1-CE85-443F-8AA9-ABB0867BEE41}.BypassNavigation|Any CPU.ActiveCfg = Release|iPhone
		{89E087F1-CE85-443F-8AA9-ABB0867BEE41}.BypassNavigation|iPhone.ActiveCfg = Debug|iPhone
		{89E087F1-CE85-443F-8AA9-ABB0867BEE41}.BypassNavigation|iPhone.Build.0 = Debug|iPhone
		{89E087F1-CE85-443F-8AA9-ABB0867BEE41}.BypassNavigation|iPhoneSimulator.ActiveCfg = Debug|iPhoneSimulator
		{89E087F1-CE85-443F-8AA9-ABB0867BEE41}.BypassNavigation|iPhoneSimulator.Build.0 = Debug|iPhoneSimulator
		{89E087F1-CE85-443F-8AA9-ABB0867BEE41}.Debug|Any CPU.ActiveCfg = Debug|iPhoneSimulator
		{89E087F1-CE85-443F-8AA9-ABB0867BEE41}.Debug|Any CPU.Build.0 = Debug|iPhoneSimulator
		{89E087F1-CE85-443F-8AA9-ABB0867BEE41}.Debug|iPhone.ActiveCfg = Debug|iPhone
		{89E087F1-CE85-443F-8AA9-ABB0867BEE41}.Debug|iPhone.Build.0 = Debug|iPhone
		{89E087F1-CE85-443F-8AA9-ABB0867BEE41}.Debug|iPhoneSimulator.ActiveCfg = Debug|iPhoneSimulator
		{89E087F1-CE85-443F-8AA9-ABB0867BEE41}.Debug|iPhoneSimulator.Build.0 = Debug|iPhoneSimulator
		{89E087F1-CE85-443F-8AA9-ABB0867BEE41}.Droid|Any CPU.ActiveCfg = Debug|iPhoneSimulator
		{89E087F1-CE85-443F-8AA9-ABB0867BEE41}.Droid|iPhone.ActiveCfg = Debug|iPhone
		{89E087F1-CE85-443F-8AA9-ABB0867BEE41}.Droid|iPhoneSimulator.ActiveCfg = Debug|iPhoneSimulator
		{89E087F1-CE85-443F-8AA9-ABB0867BEE41}.Droid|iPhoneSimulator.Build.0 = Debug|iPhoneSimulator
		{89E087F1-CE85-443F-8AA9-ABB0867BEE41}.DroidRelease|Any CPU.ActiveCfg = Debug|iPhoneSimulator
		{89E087F1-CE85-443F-8AA9-ABB0867BEE41}.DroidRelease|iPhone.ActiveCfg = Debug|iPhone
		{89E087F1-CE85-443F-8AA9-ABB0867BEE41}.DroidRelease|iPhoneSimulator.ActiveCfg = Debug|iPhoneSimulator
		{89E087F1-CE85-443F-8AA9-ABB0867BEE41}.DroidRelease|iPhoneSimulator.Build.0 = Debug|iPhoneSimulator
		{89E087F1-CE85-443F-8AA9-ABB0867BEE41}.DroidTest|Any CPU.ActiveCfg = Debug|iPhoneSimulator
		{89E087F1-CE85-443F-8AA9-ABB0867BEE41}.DroidTest|iPhone.ActiveCfg = Debug|iPhone
		{89E087F1-CE85-443F-8AA9-ABB0867BEE41}.DroidTest|iPhone.Build.0 = Debug|iPhone
		{89E087F1-CE85-443F-8AA9-ABB0867BEE41}.DroidTest|iPhoneSimulator.ActiveCfg = Debug|iPhoneSimulator
		{89E087F1-CE85-443F-8AA9-ABB0867BEE41}.DroidTest|iPhoneSimulator.Build.0 = Debug|iPhoneSimulator
		{89E087F1-CE85-443F-8AA9-ABB0867BEE41}.Release|Any CPU.ActiveCfg = Release|iPhoneSimulator
		{89E087F1-CE85-443F-8AA9-ABB0867BEE41}.Release|Any CPU.Build.0 = Release|iPhoneSimulator
		{89E087F1-CE85-443F-8AA9-ABB0867BEE41}.Release|iPhone.ActiveCfg = Release|iPhone
		{89E087F1-CE85-443F-8AA9-ABB0867BEE41}.Release|iPhone.Build.0 = Release|iPhone
		{89E087F1-CE85-443F-8AA9-ABB0867BEE41}.Release|iPhoneSimulator.ActiveCfg = Release|iPhoneSimulator
		{89E087F1-CE85-443F-8AA9-ABB0867BEE41}.Release|iPhoneSimulator.Build.0 = Release|iPhoneSimulator
		{8BA73740-09B9-4923-8D33-B4539FAB205F}.Ad-Hoc|Any CPU.ActiveCfg = Debug|Any CPU
		{8BA73740-09B9-4923-8D33-B4539FAB205F}.Ad-Hoc|iPhone.ActiveCfg = Release|Any CPU
		{8BA73740-09B9-4923-8D33-B4539FAB205F}.Ad-Hoc|iPhone.Build.0 = Release|Any CPU
		{8BA73740-09B9-4923-8D33-B4539FAB205F}.Ad-Hoc|iPhoneSimulator.ActiveCfg = Debug|Any CPU
		{8BA73740-09B9-4923-8D33-B4539FAB205F}.AppStore|Any CPU.ActiveCfg = Debug|Any CPU
		{8BA73740-09B9-4923-8D33-B4539FAB205F}.AppStore|iPhone.ActiveCfg = Release|Any CPU
		{8BA73740-09B9-4923-8D33-B4539FAB205F}.AppStore|iPhone.Build.0 = Release|Any CPU
		{8BA73740-09B9-4923-8D33-B4539FAB205F}.AppStore|iPhoneSimulator.ActiveCfg = Debug|Any CPU
		{8BA73740-09B9-4923-8D33-B4539FAB205F}.BypassNavigation|Any CPU.ActiveCfg = Debug|Any CPU
		{8BA73740-09B9-4923-8D33-B4539FAB205F}.BypassNavigation|iPhone.ActiveCfg = Debug|Any CPU
		{8BA73740-09B9-4923-8D33-B4539FAB205F}.BypassNavigation|iPhone.Build.0 = Debug|Any CPU
		{8BA73740-09B9-4923-8D33-B4539FAB205F}.BypassNavigation|iPhoneSimulator.ActiveCfg = Debug|Any CPU
		{8BA73740-09B9-4923-8D33-B4539FAB205F}.BypassNavigation|iPhoneSimulator.Build.0 = Debug|Any CPU
		{8BA73740-09B9-4923-8D33-B4539FAB205F}.Debug|Any CPU.ActiveCfg = Debug|Any CPU
		{8BA73740-09B9-4923-8D33-B4539FAB205F}.Debug|Any CPU.Build.0 = Debug|Any CPU
		{8BA73740-09B9-4923-8D33-B4539FAB205F}.Debug|iPhone.ActiveCfg = Debug|Any CPU
		{8BA73740-09B9-4923-8D33-B4539FAB205F}.Debug|iPhone.Build.0 = Debug|Any CPU
		{8BA73740-09B9-4923-8D33-B4539FAB205F}.Debug|iPhoneSimulator.ActiveCfg = Debug|Any CPU
		{8BA73740-09B9-4923-8D33-B4539FAB205F}.Debug|iPhoneSimulator.Build.0 = Debug|Any CPU
		{8BA73740-09B9-4923-8D33-B4539FAB205F}.Droid|Any CPU.ActiveCfg = Debug|Any CPU
		{8BA73740-09B9-4923-8D33-B4539FAB205F}.Droid|Any CPU.Build.0 = Debug|Any CPU
		{8BA73740-09B9-4923-8D33-B4539FAB205F}.Droid|iPhone.ActiveCfg = Debug|Any CPU
		{8BA73740-09B9-4923-8D33-B4539FAB205F}.Droid|iPhone.Build.0 = Debug|Any CPU
		{8BA73740-09B9-4923-8D33-B4539FAB205F}.Droid|iPhoneSimulator.ActiveCfg = Debug|Any CPU
		{8BA73740-09B9-4923-8D33-B4539FAB205F}.DroidRelease|Any CPU.ActiveCfg = Release|Any CPU
		{8BA73740-09B9-4923-8D33-B4539FAB205F}.DroidRelease|Any CPU.Build.0 = Release|Any CPU
		{8BA73740-09B9-4923-8D33-B4539FAB205F}.DroidRelease|iPhone.ActiveCfg = Debug|Any CPU
		{8BA73740-09B9-4923-8D33-B4539FAB205F}.DroidRelease|iPhone.Build.0 = Debug|Any CPU
		{8BA73740-09B9-4923-8D33-B4539FAB205F}.DroidRelease|iPhoneSimulator.ActiveCfg = Debug|Any CPU
		{8BA73740-09B9-4923-8D33-B4539FAB205F}.DroidTest|Any CPU.ActiveCfg = Debug|Any CPU
		{8BA73740-09B9-4923-8D33-B4539FAB205F}.DroidTest|Any CPU.Build.0 = Debug|Any CPU
		{8BA73740-09B9-4923-8D33-B4539FAB205F}.DroidTest|iPhone.ActiveCfg = Debug|Any CPU
		{8BA73740-09B9-4923-8D33-B4539FAB205F}.DroidTest|iPhoneSimulator.ActiveCfg = Debug|Any CPU
		{8BA73740-09B9-4923-8D33-B4539FAB205F}.Release|Any CPU.ActiveCfg = Release|Any CPU
		{8BA73740-09B9-4923-8D33-B4539FAB205F}.Release|Any CPU.Build.0 = Release|Any CPU
		{8BA73740-09B9-4923-8D33-B4539FAB205F}.Release|iPhone.ActiveCfg = Release|Any CPU
		{8BA73740-09B9-4923-8D33-B4539FAB205F}.Release|iPhone.Build.0 = Release|Any CPU
		{8BA73740-09B9-4923-8D33-B4539FAB205F}.Release|iPhoneSimulator.ActiveCfg = Release|Any CPU
		{8BA73740-09B9-4923-8D33-B4539FAB205F}.Release|iPhoneSimulator.Build.0 = Release|Any CPU
		{8E25E0C6-BAAF-45DE-AE8C-0A7A6B84DE23}.Ad-Hoc|Any CPU.ActiveCfg = Debug|Any CPU
		{8E25E0C6-BAAF-45DE-AE8C-0A7A6B84DE23}.Ad-Hoc|iPhone.ActiveCfg = Release|Any CPU
		{8E25E0C6-BAAF-45DE-AE8C-0A7A6B84DE23}.Ad-Hoc|iPhone.Build.0 = Release|Any CPU
		{8E25E0C6-BAAF-45DE-AE8C-0A7A6B84DE23}.Ad-Hoc|iPhoneSimulator.ActiveCfg = Debug|Any CPU
		{8E25E0C6-BAAF-45DE-AE8C-0A7A6B84DE23}.AppStore|Any CPU.ActiveCfg = Debug|Any CPU
		{8E25E0C6-BAAF-45DE-AE8C-0A7A6B84DE23}.AppStore|iPhone.ActiveCfg = Release|Any CPU
		{8E25E0C6-BAAF-45DE-AE8C-0A7A6B84DE23}.AppStore|iPhone.Build.0 = Release|Any CPU
		{8E25E0C6-BAAF-45DE-AE8C-0A7A6B84DE23}.AppStore|iPhoneSimulator.ActiveCfg = Debug|Any CPU
		{8E25E0C6-BAAF-45DE-AE8C-0A7A6B84DE23}.BypassNavigation|Any CPU.ActiveCfg = Debug|Any CPU
		{8E25E0C6-BAAF-45DE-AE8C-0A7A6B84DE23}.BypassNavigation|iPhone.ActiveCfg = Debug|Any CPU
		{8E25E0C6-BAAF-45DE-AE8C-0A7A6B84DE23}.BypassNavigation|iPhone.Build.0 = Debug|Any CPU
		{8E25E0C6-BAAF-45DE-AE8C-0A7A6B84DE23}.BypassNavigation|iPhoneSimulator.ActiveCfg = Debug|Any CPU
		{8E25E0C6-BAAF-45DE-AE8C-0A7A6B84DE23}.BypassNavigation|iPhoneSimulator.Build.0 = Debug|Any CPU
		{8E25E0C6-BAAF-45DE-AE8C-0A7A6B84DE23}.Debug|Any CPU.ActiveCfg = Debug|Any CPU
		{8E25E0C6-BAAF-45DE-AE8C-0A7A6B84DE23}.Debug|Any CPU.Build.0 = Debug|Any CPU
		{8E25E0C6-BAAF-45DE-AE8C-0A7A6B84DE23}.Debug|Any CPU.Deploy.0 = Debug|Any CPU
		{8E25E0C6-BAAF-45DE-AE8C-0A7A6B84DE23}.Debug|iPhone.ActiveCfg = Debug|Any CPU
		{8E25E0C6-BAAF-45DE-AE8C-0A7A6B84DE23}.Debug|iPhone.Build.0 = Debug|Any CPU
		{8E25E0C6-BAAF-45DE-AE8C-0A7A6B84DE23}.Debug|iPhoneSimulator.ActiveCfg = Debug|Any CPU
		{8E25E0C6-BAAF-45DE-AE8C-0A7A6B84DE23}.Debug|iPhoneSimulator.Build.0 = Debug|Any CPU
		{8E25E0C6-BAAF-45DE-AE8C-0A7A6B84DE23}.Droid|Any CPU.ActiveCfg = Debug|Any CPU
		{8E25E0C6-BAAF-45DE-AE8C-0A7A6B84DE23}.Droid|Any CPU.Build.0 = Debug|Any CPU
		{8E25E0C6-BAAF-45DE-AE8C-0A7A6B84DE23}.Droid|Any CPU.Deploy.0 = Debug|Any CPU
		{8E25E0C6-BAAF-45DE-AE8C-0A7A6B84DE23}.Droid|iPhone.ActiveCfg = Debug|Any CPU
		{8E25E0C6-BAAF-45DE-AE8C-0A7A6B84DE23}.Droid|iPhone.Build.0 = Debug|Any CPU
		{8E25E0C6-BAAF-45DE-AE8C-0A7A6B84DE23}.Droid|iPhone.Deploy.0 = Debug|Any CPU
		{8E25E0C6-BAAF-45DE-AE8C-0A7A6B84DE23}.Droid|iPhoneSimulator.ActiveCfg = Debug|Any CPU
		{8E25E0C6-BAAF-45DE-AE8C-0A7A6B84DE23}.DroidRelease|Any CPU.ActiveCfg = Release|Any CPU
		{8E25E0C6-BAAF-45DE-AE8C-0A7A6B84DE23}.DroidRelease|Any CPU.Build.0 = Release|Any CPU
		{8E25E0C6-BAAF-45DE-AE8C-0A7A6B84DE23}.DroidRelease|Any CPU.Deploy.0 = Release|Any CPU
		{8E25E0C6-BAAF-45DE-AE8C-0A7A6B84DE23}.DroidRelease|iPhone.ActiveCfg = Debug|Any CPU
		{8E25E0C6-BAAF-45DE-AE8C-0A7A6B84DE23}.DroidRelease|iPhone.Build.0 = Debug|Any CPU
		{8E25E0C6-BAAF-45DE-AE8C-0A7A6B84DE23}.DroidRelease|iPhone.Deploy.0 = Debug|Any CPU
		{8E25E0C6-BAAF-45DE-AE8C-0A7A6B84DE23}.DroidRelease|iPhoneSimulator.ActiveCfg = Debug|Any CPU
		{8E25E0C6-BAAF-45DE-AE8C-0A7A6B84DE23}.DroidTest|Any CPU.ActiveCfg = Debug|Any CPU
		{8E25E0C6-BAAF-45DE-AE8C-0A7A6B84DE23}.DroidTest|Any CPU.Build.0 = Debug|Any CPU
		{8E25E0C6-BAAF-45DE-AE8C-0A7A6B84DE23}.DroidTest|Any CPU.Deploy.0 = Debug|Any CPU
		{8E25E0C6-BAAF-45DE-AE8C-0A7A6B84DE23}.DroidTest|iPhone.ActiveCfg = Debug|Any CPU
		{8E25E0C6-BAAF-45DE-AE8C-0A7A6B84DE23}.DroidTest|iPhoneSimulator.ActiveCfg = Debug|Any CPU
		{8E25E0C6-BAAF-45DE-AE8C-0A7A6B84DE23}.Release|Any CPU.ActiveCfg = Release|Any CPU
		{8E25E0C6-BAAF-45DE-AE8C-0A7A6B84DE23}.Release|Any CPU.Build.0 = Release|Any CPU
		{8E25E0C6-BAAF-45DE-AE8C-0A7A6B84DE23}.Release|Any CPU.Deploy.0 = Release|Any CPU
		{8E25E0C6-BAAF-45DE-AE8C-0A7A6B84DE23}.Release|iPhone.ActiveCfg = Release|Any CPU
		{8E25E0C6-BAAF-45DE-AE8C-0A7A6B84DE23}.Release|iPhone.Build.0 = Release|Any CPU
		{8E25E0C6-BAAF-45DE-AE8C-0A7A6B84DE23}.Release|iPhoneSimulator.ActiveCfg = Release|Any CPU
		{8E25E0C6-BAAF-45DE-AE8C-0A7A6B84DE23}.Release|iPhoneSimulator.Build.0 = Release|Any CPU
		{CF876A71-9E29-4F7C-ABC7-BE9FE04E47B4}.Ad-Hoc|Any CPU.ActiveCfg = Debug|Any CPU
		{CF876A71-9E29-4F7C-ABC7-BE9FE04E47B4}.Ad-Hoc|iPhone.ActiveCfg = Release|Any CPU
		{CF876A71-9E29-4F7C-ABC7-BE9FE04E47B4}.Ad-Hoc|iPhone.Build.0 = Release|Any CPU
		{CF876A71-9E29-4F7C-ABC7-BE9FE04E47B4}.Ad-Hoc|iPhoneSimulator.ActiveCfg = Debug|Any CPU
		{CF876A71-9E29-4F7C-ABC7-BE9FE04E47B4}.AppStore|Any CPU.ActiveCfg = Debug|Any CPU
		{CF876A71-9E29-4F7C-ABC7-BE9FE04E47B4}.AppStore|iPhone.ActiveCfg = Release|Any CPU
		{CF876A71-9E29-4F7C-ABC7-BE9FE04E47B4}.AppStore|iPhone.Build.0 = Release|Any CPU
		{CF876A71-9E29-4F7C-ABC7-BE9FE04E47B4}.AppStore|iPhoneSimulator.ActiveCfg = Debug|Any CPU
		{CF876A71-9E29-4F7C-ABC7-BE9FE04E47B4}.BypassNavigation|Any CPU.ActiveCfg = Debug|Any CPU
		{CF876A71-9E29-4F7C-ABC7-BE9FE04E47B4}.BypassNavigation|iPhone.ActiveCfg = Debug|Any CPU
		{CF876A71-9E29-4F7C-ABC7-BE9FE04E47B4}.BypassNavigation|iPhone.Build.0 = Debug|Any CPU
		{CF876A71-9E29-4F7C-ABC7-BE9FE04E47B4}.BypassNavigation|iPhoneSimulator.ActiveCfg = Debug|Any CPU
		{CF876A71-9E29-4F7C-ABC7-BE9FE04E47B4}.BypassNavigation|iPhoneSimulator.Build.0 = Debug|Any CPU
		{CF876A71-9E29-4F7C-ABC7-BE9FE04E47B4}.Debug|Any CPU.ActiveCfg = Debug|Any CPU
		{CF876A71-9E29-4F7C-ABC7-BE9FE04E47B4}.Debug|Any CPU.Build.0 = Debug|Any CPU
		{CF876A71-9E29-4F7C-ABC7-BE9FE04E47B4}.Debug|iPhone.ActiveCfg = Debug|Any CPU
		{CF876A71-9E29-4F7C-ABC7-BE9FE04E47B4}.Debug|iPhone.Build.0 = Debug|Any CPU
		{CF876A71-9E29-4F7C-ABC7-BE9FE04E47B4}.Debug|iPhoneSimulator.ActiveCfg = Debug|Any CPU
		{CF876A71-9E29-4F7C-ABC7-BE9FE04E47B4}.Debug|iPhoneSimulator.Build.0 = Debug|Any CPU
		{CF876A71-9E29-4F7C-ABC7-BE9FE04E47B4}.Droid|Any CPU.ActiveCfg = Debug|Any CPU
		{CF876A71-9E29-4F7C-ABC7-BE9FE04E47B4}.Droid|Any CPU.Build.0 = Debug|Any CPU
		{CF876A71-9E29-4F7C-ABC7-BE9FE04E47B4}.Droid|iPhone.ActiveCfg = Debug|Any CPU
		{CF876A71-9E29-4F7C-ABC7-BE9FE04E47B4}.Droid|iPhone.Build.0 = Debug|Any CPU
		{CF876A71-9E29-4F7C-ABC7-BE9FE04E47B4}.Droid|iPhoneSimulator.ActiveCfg = Debug|Any CPU
		{CF876A71-9E29-4F7C-ABC7-BE9FE04E47B4}.DroidRelease|Any CPU.ActiveCfg = Release|Any CPU
		{CF876A71-9E29-4F7C-ABC7-BE9FE04E47B4}.DroidRelease|Any CPU.Build.0 = Release|Any CPU
		{CF876A71-9E29-4F7C-ABC7-BE9FE04E47B4}.DroidRelease|iPhone.ActiveCfg = Debug|Any CPU
		{CF876A71-9E29-4F7C-ABC7-BE9FE04E47B4}.DroidRelease|iPhone.Build.0 = Debug|Any CPU
		{CF876A71-9E29-4F7C-ABC7-BE9FE04E47B4}.DroidRelease|iPhoneSimulator.ActiveCfg = Debug|Any CPU
		{CF876A71-9E29-4F7C-ABC7-BE9FE04E47B4}.DroidTest|Any CPU.ActiveCfg = Debug|Any CPU
		{CF876A71-9E29-4F7C-ABC7-BE9FE04E47B4}.DroidTest|Any CPU.Build.0 = Debug|Any CPU
		{CF876A71-9E29-4F7C-ABC7-BE9FE04E47B4}.DroidTest|iPhone.ActiveCfg = Debug|Any CPU
		{CF876A71-9E29-4F7C-ABC7-BE9FE04E47B4}.DroidTest|iPhoneSimulator.ActiveCfg = Debug|Any CPU
		{CF876A71-9E29-4F7C-ABC7-BE9FE04E47B4}.Release|Any CPU.ActiveCfg = Release|Any CPU
		{CF876A71-9E29-4F7C-ABC7-BE9FE04E47B4}.Release|Any CPU.Build.0 = Release|Any CPU
		{CF876A71-9E29-4F7C-ABC7-BE9FE04E47B4}.Release|iPhone.ActiveCfg = Release|Any CPU
		{CF876A71-9E29-4F7C-ABC7-BE9FE04E47B4}.Release|iPhone.Build.0 = Release|Any CPU
		{CF876A71-9E29-4F7C-ABC7-BE9FE04E47B4}.Release|iPhoneSimulator.ActiveCfg = Release|Any CPU
		{CF876A71-9E29-4F7C-ABC7-BE9FE04E47B4}.Release|iPhoneSimulator.Build.0 = Release|Any CPU
		{D089B658-A2BC-46EF-A5D4-67314688CA53}.Ad-Hoc|Any CPU.ActiveCfg = Debug|Any CPU
		{D089B658-A2BC-46EF-A5D4-67314688CA53}.Ad-Hoc|Any CPU.Build.0 = Debug|Any CPU
		{D089B658-A2BC-46EF-A5D4-67314688CA53}.Ad-Hoc|iPhone.ActiveCfg = Release|Any CPU
		{D089B658-A2BC-46EF-A5D4-67314688CA53}.Ad-Hoc|iPhone.Build.0 = Release|Any CPU
		{D089B658-A2BC-46EF-A5D4-67314688CA53}.Ad-Hoc|iPhoneSimulator.ActiveCfg = Debug|Any CPU
		{D089B658-A2BC-46EF-A5D4-67314688CA53}.Ad-Hoc|iPhoneSimulator.Build.0 = Debug|Any CPU
		{D089B658-A2BC-46EF-A5D4-67314688CA53}.AppStore|Any CPU.ActiveCfg = Debug|Any CPU
		{D089B658-A2BC-46EF-A5D4-67314688CA53}.AppStore|Any CPU.Build.0 = Debug|Any CPU
		{D089B658-A2BC-46EF-A5D4-67314688CA53}.AppStore|iPhone.ActiveCfg = Release|Any CPU
		{D089B658-A2BC-46EF-A5D4-67314688CA53}.AppStore|iPhone.Build.0 = Release|Any CPU
		{D089B658-A2BC-46EF-A5D4-67314688CA53}.AppStore|iPhoneSimulator.ActiveCfg = Debug|Any CPU
		{D089B658-A2BC-46EF-A5D4-67314688CA53}.AppStore|iPhoneSimulator.Build.0 = Debug|Any CPU
		{D089B658-A2BC-46EF-A5D4-67314688CA53}.BypassNavigation|Any CPU.ActiveCfg = Debug|Any CPU
		{D089B658-A2BC-46EF-A5D4-67314688CA53}.BypassNavigation|Any CPU.Build.0 = Debug|Any CPU
		{D089B658-A2BC-46EF-A5D4-67314688CA53}.BypassNavigation|iPhone.ActiveCfg = Debug|Any CPU
		{D089B658-A2BC-46EF-A5D4-67314688CA53}.BypassNavigation|iPhone.Build.0 = Debug|Any CPU
		{D089B658-A2BC-46EF-A5D4-67314688CA53}.BypassNavigation|iPhoneSimulator.ActiveCfg = Debug|Any CPU
		{D089B658-A2BC-46EF-A5D4-67314688CA53}.BypassNavigation|iPhoneSimulator.Build.0 = Debug|Any CPU
		{D089B658-A2BC-46EF-A5D4-67314688CA53}.Debug|Any CPU.ActiveCfg = Debug|Any CPU
		{D089B658-A2BC-46EF-A5D4-67314688CA53}.Debug|Any CPU.Build.0 = Debug|Any CPU
		{D089B658-A2BC-46EF-A5D4-67314688CA53}.Debug|iPhone.ActiveCfg = Debug|Any CPU
		{D089B658-A2BC-46EF-A5D4-67314688CA53}.Debug|iPhone.Build.0 = Debug|Any CPU
		{D089B658-A2BC-46EF-A5D4-67314688CA53}.Debug|iPhoneSimulator.ActiveCfg = Debug|Any CPU
		{D089B658-A2BC-46EF-A5D4-67314688CA53}.Debug|iPhoneSimulator.Build.0 = Debug|Any CPU
		{D089B658-A2BC-46EF-A5D4-67314688CA53}.Droid|Any CPU.ActiveCfg = Debug|Any CPU
		{D089B658-A2BC-46EF-A5D4-67314688CA53}.Droid|Any CPU.Build.0 = Debug|Any CPU
		{D089B658-A2BC-46EF-A5D4-67314688CA53}.Droid|iPhone.ActiveCfg = Debug|Any CPU
		{D089B658-A2BC-46EF-A5D4-67314688CA53}.Droid|iPhone.Build.0 = Debug|Any CPU
		{D089B658-A2BC-46EF-A5D4-67314688CA53}.Droid|iPhoneSimulator.ActiveCfg = Debug|Any CPU
		{D089B658-A2BC-46EF-A5D4-67314688CA53}.Droid|iPhoneSimulator.Build.0 = Debug|Any CPU
		{D089B658-A2BC-46EF-A5D4-67314688CA53}.DroidRelease|Any CPU.ActiveCfg = Release|Any CPU
		{D089B658-A2BC-46EF-A5D4-67314688CA53}.DroidRelease|Any CPU.Build.0 = Release|Any CPU
		{D089B658-A2BC-46EF-A5D4-67314688CA53}.DroidRelease|iPhone.ActiveCfg = Debug|Any CPU
		{D089B658-A2BC-46EF-A5D4-67314688CA53}.DroidRelease|iPhone.Build.0 = Debug|Any CPU
		{D089B658-A2BC-46EF-A5D4-67314688CA53}.DroidRelease|iPhoneSimulator.ActiveCfg = Debug|Any CPU
		{D089B658-A2BC-46EF-A5D4-67314688CA53}.DroidRelease|iPhoneSimulator.Build.0 = Debug|Any CPU
		{D089B658-A2BC-46EF-A5D4-67314688CA53}.DroidTest|Any CPU.ActiveCfg = Debug|Any CPU
		{D089B658-A2BC-46EF-A5D4-67314688CA53}.DroidTest|Any CPU.Build.0 = Debug|Any CPU
		{D089B658-A2BC-46EF-A5D4-67314688CA53}.DroidTest|iPhone.ActiveCfg = Debug|Any CPU
		{D089B658-A2BC-46EF-A5D4-67314688CA53}.DroidTest|iPhone.Build.0 = Debug|Any CPU
		{D089B658-A2BC-46EF-A5D4-67314688CA53}.DroidTest|iPhoneSimulator.ActiveCfg = Debug|Any CPU
		{D089B658-A2BC-46EF-A5D4-67314688CA53}.DroidTest|iPhoneSimulator.Build.0 = Debug|Any CPU
		{D089B658-A2BC-46EF-A5D4-67314688CA53}.Release|Any CPU.ActiveCfg = Release|Any CPU
		{D089B658-A2BC-46EF-A5D4-67314688CA53}.Release|Any CPU.Build.0 = Release|Any CPU
		{D089B658-A2BC-46EF-A5D4-67314688CA53}.Release|iPhone.ActiveCfg = Release|Any CPU
		{D089B658-A2BC-46EF-A5D4-67314688CA53}.Release|iPhone.Build.0 = Release|Any CPU
		{D089B658-A2BC-46EF-A5D4-67314688CA53}.Release|iPhoneSimulator.ActiveCfg = Release|Any CPU
		{D089B658-A2BC-46EF-A5D4-67314688CA53}.Release|iPhoneSimulator.Build.0 = Release|Any CPU
		{F74FC323-5DDC-4461-A881-11BDF38DE43D}.Ad-Hoc|Any CPU.ActiveCfg = Debug|Any CPU
		{F74FC323-5DDC-4461-A881-11BDF38DE43D}.Ad-Hoc|Any CPU.Build.0 = Debug|Any CPU
		{F74FC323-5DDC-4461-A881-11BDF38DE43D}.Ad-Hoc|iPhone.ActiveCfg = Release|Any CPU
		{F74FC323-5DDC-4461-A881-11BDF38DE43D}.Ad-Hoc|iPhone.Build.0 = Release|Any CPU
		{F74FC323-5DDC-4461-A881-11BDF38DE43D}.Ad-Hoc|iPhoneSimulator.ActiveCfg = Debug|Any CPU
		{F74FC323-5DDC-4461-A881-11BDF38DE43D}.Ad-Hoc|iPhoneSimulator.Build.0 = Debug|Any CPU
		{F74FC323-5DDC-4461-A881-11BDF38DE43D}.AppStore|Any CPU.ActiveCfg = Debug|Any CPU
		{F74FC323-5DDC-4461-A881-11BDF38DE43D}.AppStore|Any CPU.Build.0 = Debug|Any CPU
		{F74FC323-5DDC-4461-A881-11BDF38DE43D}.AppStore|iPhone.ActiveCfg = Release|Any CPU
		{F74FC323-5DDC-4461-A881-11BDF38DE43D}.AppStore|iPhone.Build.0 = Release|Any CPU
		{F74FC323-5DDC-4461-A881-11BDF38DE43D}.AppStore|iPhoneSimulator.ActiveCfg = Debug|Any CPU
		{F74FC323-5DDC-4461-A881-11BDF38DE43D}.AppStore|iPhoneSimulator.Build.0 = Debug|Any CPU
		{F74FC323-5DDC-4461-A881-11BDF38DE43D}.BypassNavigation|Any CPU.ActiveCfg = Debug|Any CPU
		{F74FC323-5DDC-4461-A881-11BDF38DE43D}.BypassNavigation|Any CPU.Build.0 = Debug|Any CPU
		{F74FC323-5DDC-4461-A881-11BDF38DE43D}.BypassNavigation|iPhone.ActiveCfg = Debug|Any CPU
		{F74FC323-5DDC-4461-A881-11BDF38DE43D}.BypassNavigation|iPhone.Build.0 = Debug|Any CPU
		{F74FC323-5DDC-4461-A881-11BDF38DE43D}.BypassNavigation|iPhoneSimulator.ActiveCfg = Debug|Any CPU
		{F74FC323-5DDC-4461-A881-11BDF38DE43D}.BypassNavigation|iPhoneSimulator.Build.0 = Debug|Any CPU
		{F74FC323-5DDC-4461-A881-11BDF38DE43D}.Debug|Any CPU.ActiveCfg = Debug|Any CPU
		{F74FC323-5DDC-4461-A881-11BDF38DE43D}.Debug|Any CPU.Build.0 = Debug|Any CPU
		{F74FC323-5DDC-4461-A881-11BDF38DE43D}.Debug|iPhone.ActiveCfg = Debug|Any CPU
		{F74FC323-5DDC-4461-A881-11BDF38DE43D}.Debug|iPhone.Build.0 = Debug|Any CPU
		{F74FC323-5DDC-4461-A881-11BDF38DE43D}.Debug|iPhoneSimulator.ActiveCfg = Debug|Any CPU
		{F74FC323-5DDC-4461-A881-11BDF38DE43D}.Debug|iPhoneSimulator.Build.0 = Debug|Any CPU
		{F74FC323-5DDC-4461-A881-11BDF38DE43D}.Droid|Any CPU.ActiveCfg = Debug|Any CPU
		{F74FC323-5DDC-4461-A881-11BDF38DE43D}.Droid|Any CPU.Build.0 = Debug|Any CPU
		{F74FC323-5DDC-4461-A881-11BDF38DE43D}.Droid|iPhone.ActiveCfg = Debug|Any CPU
		{F74FC323-5DDC-4461-A881-11BDF38DE43D}.Droid|iPhone.Build.0 = Debug|Any CPU
		{F74FC323-5DDC-4461-A881-11BDF38DE43D}.Droid|iPhoneSimulator.ActiveCfg = Debug|Any CPU
		{F74FC323-5DDC-4461-A881-11BDF38DE43D}.Droid|iPhoneSimulator.Build.0 = Debug|Any CPU
		{F74FC323-5DDC-4461-A881-11BDF38DE43D}.DroidRelease|Any CPU.ActiveCfg = Release|Any CPU
		{F74FC323-5DDC-4461-A881-11BDF38DE43D}.DroidRelease|Any CPU.Build.0 = Release|Any CPU
		{F74FC323-5DDC-4461-A881-11BDF38DE43D}.DroidRelease|iPhone.ActiveCfg = Debug|Any CPU
		{F74FC323-5DDC-4461-A881-11BDF38DE43D}.DroidRelease|iPhone.Build.0 = Debug|Any CPU
		{F74FC323-5DDC-4461-A881-11BDF38DE43D}.DroidRelease|iPhoneSimulator.ActiveCfg = Debug|Any CPU
		{F74FC323-5DDC-4461-A881-11BDF38DE43D}.DroidRelease|iPhoneSimulator.Build.0 = Debug|Any CPU
		{F74FC323-5DDC-4461-A881-11BDF38DE43D}.DroidTest|Any CPU.ActiveCfg = Debug|Any CPU
		{F74FC323-5DDC-4461-A881-11BDF38DE43D}.DroidTest|Any CPU.Build.0 = Debug|Any CPU
		{F74FC323-5DDC-4461-A881-11BDF38DE43D}.DroidTest|iPhone.ActiveCfg = Debug|Any CPU
		{F74FC323-5DDC-4461-A881-11BDF38DE43D}.DroidTest|iPhone.Build.0 = Debug|Any CPU
		{F74FC323-5DDC-4461-A881-11BDF38DE43D}.DroidTest|iPhoneSimulator.ActiveCfg = Debug|Any CPU
		{F74FC323-5DDC-4461-A881-11BDF38DE43D}.DroidTest|iPhoneSimulator.Build.0 = Debug|Any CPU
		{F74FC323-5DDC-4461-A881-11BDF38DE43D}.Release|Any CPU.ActiveCfg = Release|Any CPU
		{F74FC323-5DDC-4461-A881-11BDF38DE43D}.Release|Any CPU.Build.0 = Release|Any CPU
		{F74FC323-5DDC-4461-A881-11BDF38DE43D}.Release|iPhone.ActiveCfg = Release|Any CPU
		{F74FC323-5DDC-4461-A881-11BDF38DE43D}.Release|iPhone.Build.0 = Release|Any CPU
		{F74FC323-5DDC-4461-A881-11BDF38DE43D}.Release|iPhoneSimulator.ActiveCfg = Release|Any CPU
		{F74FC323-5DDC-4461-A881-11BDF38DE43D}.Release|iPhoneSimulator.Build.0 = Release|Any CPU
		{FC44FC15-710C-4A64-9C5F-40D4751F31C6}.Ad-Hoc|Any CPU.ActiveCfg = Debug|Any CPU
		{FC44FC15-710C-4A64-9C5F-40D4751F31C6}.Ad-Hoc|Any CPU.Build.0 = Debug|Any CPU
		{FC44FC15-710C-4A64-9C5F-40D4751F31C6}.Ad-Hoc|iPhone.ActiveCfg = Release|Any CPU
		{FC44FC15-710C-4A64-9C5F-40D4751F31C6}.Ad-Hoc|iPhone.Build.0 = Release|Any CPU
		{FC44FC15-710C-4A64-9C5F-40D4751F31C6}.Ad-Hoc|iPhoneSimulator.ActiveCfg = Debug|Any CPU
		{FC44FC15-710C-4A64-9C5F-40D4751F31C6}.Ad-Hoc|iPhoneSimulator.Build.0 = Debug|Any CPU
		{FC44FC15-710C-4A64-9C5F-40D4751F31C6}.AppStore|Any CPU.ActiveCfg = Debug|Any CPU
		{FC44FC15-710C-4A64-9C5F-40D4751F31C6}.AppStore|Any CPU.Build.0 = Debug|Any CPU
		{FC44FC15-710C-4A64-9C5F-40D4751F31C6}.AppStore|iPhone.ActiveCfg = Release|Any CPU
		{FC44FC15-710C-4A64-9C5F-40D4751F31C6}.AppStore|iPhone.Build.0 = Release|Any CPU
		{FC44FC15-710C-4A64-9C5F-40D4751F31C6}.AppStore|iPhoneSimulator.ActiveCfg = Debug|Any CPU
		{FC44FC15-710C-4A64-9C5F-40D4751F31C6}.AppStore|iPhoneSimulator.Build.0 = Debug|Any CPU
		{FC44FC15-710C-4A64-9C5F-40D4751F31C6}.BypassNavigation|Any CPU.ActiveCfg = Debug|Any CPU
		{FC44FC15-710C-4A64-9C5F-40D4751F31C6}.BypassNavigation|Any CPU.Build.0 = Debug|Any CPU
		{FC44FC15-710C-4A64-9C5F-40D4751F31C6}.BypassNavigation|iPhone.ActiveCfg = Debug|Any CPU
		{FC44FC15-710C-4A64-9C5F-40D4751F31C6}.BypassNavigation|iPhone.Build.0 = Debug|Any CPU
		{FC44FC15-710C-4A64-9C5F-40D4751F31C6}.BypassNavigation|iPhoneSimulator.ActiveCfg = Debug|Any CPU
		{FC44FC15-710C-4A64-9C5F-40D4751F31C6}.BypassNavigation|iPhoneSimulator.Build.0 = Debug|Any CPU
		{FC44FC15-710C-4A64-9C5F-40D4751F31C6}.Debug|Any CPU.ActiveCfg = Debug|Any CPU
		{FC44FC15-710C-4A64-9C5F-40D4751F31C6}.Debug|Any CPU.Build.0 = Debug|Any CPU
		{FC44FC15-710C-4A64-9C5F-40D4751F31C6}.Debug|iPhone.ActiveCfg = Debug|Any CPU
		{FC44FC15-710C-4A64-9C5F-40D4751F31C6}.Debug|iPhone.Build.0 = Debug|Any CPU
		{FC44FC15-710C-4A64-9C5F-40D4751F31C6}.Debug|iPhoneSimulator.ActiveCfg = Debug|Any CPU
		{FC44FC15-710C-4A64-9C5F-40D4751F31C6}.Debug|iPhoneSimulator.Build.0 = Debug|Any CPU
		{FC44FC15-710C-4A64-9C5F-40D4751F31C6}.Droid|Any CPU.ActiveCfg = Debug|Any CPU
		{FC44FC15-710C-4A64-9C5F-40D4751F31C6}.Droid|Any CPU.Build.0 = Debug|Any CPU
		{FC44FC15-710C-4A64-9C5F-40D4751F31C6}.Droid|iPhone.ActiveCfg = Debug|Any CPU
		{FC44FC15-710C-4A64-9C5F-40D4751F31C6}.Droid|iPhone.Build.0 = Debug|Any CPU
		{FC44FC15-710C-4A64-9C5F-40D4751F31C6}.Droid|iPhoneSimulator.ActiveCfg = Debug|Any CPU
		{FC44FC15-710C-4A64-9C5F-40D4751F31C6}.Droid|iPhoneSimulator.Build.0 = Debug|Any CPU
		{FC44FC15-710C-4A64-9C5F-40D4751F31C6}.DroidRelease|Any CPU.ActiveCfg = Release|Any CPU
		{FC44FC15-710C-4A64-9C5F-40D4751F31C6}.DroidRelease|Any CPU.Build.0 = Release|Any CPU
		{FC44FC15-710C-4A64-9C5F-40D4751F31C6}.DroidRelease|iPhone.ActiveCfg = Debug|Any CPU
		{FC44FC15-710C-4A64-9C5F-40D4751F31C6}.DroidRelease|iPhone.Build.0 = Debug|Any CPU
		{FC44FC15-710C-4A64-9C5F-40D4751F31C6}.DroidRelease|iPhoneSimulator.ActiveCfg = Debug|Any CPU
		{FC44FC15-710C-4A64-9C5F-40D4751F31C6}.DroidRelease|iPhoneSimulator.Build.0 = Debug|Any CPU
		{FC44FC15-710C-4A64-9C5F-40D4751F31C6}.DroidTest|Any CPU.ActiveCfg = Debug|Any CPU
		{FC44FC15-710C-4A64-9C5F-40D4751F31C6}.DroidTest|Any CPU.Build.0 = Debug|Any CPU
		{FC44FC15-710C-4A64-9C5F-40D4751F31C6}.DroidTest|iPhone.ActiveCfg = Debug|Any CPU
		{FC44FC15-710C-4A64-9C5F-40D4751F31C6}.DroidTest|iPhone.Build.0 = Debug|Any CPU
		{FC44FC15-710C-4A64-9C5F-40D4751F31C6}.DroidTest|iPhoneSimulator.ActiveCfg = Debug|Any CPU
		{FC44FC15-710C-4A64-9C5F-40D4751F31C6}.DroidTest|iPhoneSimulator.Build.0 = Debug|Any CPU
		{FC44FC15-710C-4A64-9C5F-40D4751F31C6}.Release|Any CPU.ActiveCfg = Release|Any CPU
		{FC44FC15-710C-4A64-9C5F-40D4751F31C6}.Release|Any CPU.Build.0 = Release|Any CPU
		{FC44FC15-710C-4A64-9C5F-40D4751F31C6}.Release|iPhone.ActiveCfg = Release|Any CPU
		{FC44FC15-710C-4A64-9C5F-40D4751F31C6}.Release|iPhone.Build.0 = Release|Any CPU
		{FC44FC15-710C-4A64-9C5F-40D4751F31C6}.Release|iPhoneSimulator.ActiveCfg = Release|Any CPU
		{FC44FC15-710C-4A64-9C5F-40D4751F31C6}.Release|iPhoneSimulator.Build.0 = Release|Any CPU
	EndGlobalSection
	GlobalSection(NestedProjects) = preSolution
		{82D90133-B8A7-4810-B2C4-661808A0062B} = {19F7345F-A758-4B1C-9C8F-7D54D62BC5C2}
		{8E25E0C6-BAAF-45DE-AE8C-0A7A6B84DE23} = {19F7345F-A758-4B1C-9C8F-7D54D62BC5C2}
		{04815E0A-0E38-4A0F-A821-530C371CD2DA} = {772F7A6F-9237-4FC6-BEDF-2F12C361CA3E}
		{89E087F1-CE85-443F-8AA9-ABB0867BEE41} = {772F7A6F-9237-4FC6-BEDF-2F12C361CA3E}
		{CF876A71-9E29-4F7C-ABC7-BE9FE04E47B4} = {204AD090-2AA2-4384-A7B8-F719D462E46F}
		{8BA73740-09B9-4923-8D33-B4539FAB205F} = {204AD090-2AA2-4384-A7B8-F719D462E46F}
		{8238DFDC-C0D3-425C-919D-24A958297403} = {204AD090-2AA2-4384-A7B8-F719D462E46F}
		{57D15B6D-9101-4615-8FD3-87565A0BAA5B} = {204AD090-2AA2-4384-A7B8-F719D462E46F}
		{6BC8D2B7-7FA1-4642-873F-59357FAB0904} = {204AD090-2AA2-4384-A7B8-F719D462E46F}
		{D089B658-A2BC-46EF-A5D4-67314688CA53} = {204AD090-2AA2-4384-A7B8-F719D462E46F}
		{FC44FC15-710C-4A64-9C5F-40D4751F31C6} = {AF03FB2D-EE30-483B-99AE-9840C94D51BA}
		{F74FC323-5DDC-4461-A881-11BDF38DE43D} = {AF03FB2D-EE30-483B-99AE-9840C94D51BA}
	EndGlobalSection
	GlobalSection(MonoDevelopProperties) = preSolution
		Policies = $0
		$0.DotNetNamingPolicy = $1
		$1.DirectoryNamespaceAssociation = None
		$1.ResourceNamePolicy = FileFormatDefault
		$0.NameConventionPolicy = $2
		$2.Rules = $3
		$3.NamingRule = $4
		$4.Name = Namespaces
		$4.AffectedEntity = Namespace
		$4.VisibilityMask = VisibilityMask
		$4.NamingStyle = PascalCase
		$4.IncludeInstanceMembers = True
		$4.IncludeStaticEntities = True
		$3.NamingRule = $5
		$5.Name = Types
		$5.AffectedEntity = Class, Struct, Enum, Delegate
		$5.VisibilityMask = Public
		$5.NamingStyle = PascalCase
		$5.IncludeInstanceMembers = True
		$5.IncludeStaticEntities = True
		$3.NamingRule = $6
		$6.Name = Interfaces
		$6.RequiredPrefixes = $7
		$7.String = I
		$6.AffectedEntity = Interface
		$6.VisibilityMask = Public
		$6.NamingStyle = PascalCase
		$6.IncludeInstanceMembers = True
		$6.IncludeStaticEntities = True
		$3.NamingRule = $8
		$8.Name = Attributes
		$8.RequiredSuffixes = $9
		$9.String = Attribute
		$8.AffectedEntity = CustomAttributes
		$8.VisibilityMask = Public
		$8.NamingStyle = PascalCase
		$8.IncludeInstanceMembers = True
		$8.IncludeStaticEntities = True
		$3.NamingRule = $10
		$10.Name = Event Arguments
		$10.RequiredSuffixes = $11
		$11.String = EventArgs
		$10.AffectedEntity = CustomEventArgs
		$10.VisibilityMask = Public
		$10.NamingStyle = PascalCase
		$10.IncludeInstanceMembers = True
		$10.IncludeStaticEntities = True
		$3.NamingRule = $12
		$12.Name = Exceptions
		$12.RequiredSuffixes = $13
		$13.String = Exception
		$12.AffectedEntity = CustomExceptions
		$12.VisibilityMask = VisibilityMask
		$12.NamingStyle = PascalCase
		$12.IncludeInstanceMembers = True
		$12.IncludeStaticEntities = True
		$3.NamingRule = $14
		$14.Name = Methods
		$14.AffectedEntity = Methods
		$14.VisibilityMask = Protected, Public
		$14.NamingStyle = PascalCase
		$14.IncludeInstanceMembers = True
		$14.IncludeStaticEntities = True
		$3.NamingRule = $15
		$15.Name = Static Readonly Fields
		$15.AffectedEntity = ReadonlyField
		$15.VisibilityMask = Protected, Public
		$15.NamingStyle = PascalCase
		$15.IncludeInstanceMembers = False
		$15.IncludeStaticEntities = True
		$3.NamingRule = $16
		$16.Name = Fields
		$16.AffectedEntity = Field
		$16.VisibilityMask = Protected, Public
		$16.NamingStyle = PascalCase
		$16.IncludeInstanceMembers = True
		$16.IncludeStaticEntities = True
		$3.NamingRule = $17
		$17.Name = ReadOnly Fields
		$17.AffectedEntity = ReadonlyField
		$17.VisibilityMask = Protected, Public
		$17.NamingStyle = PascalCase
		$17.IncludeInstanceMembers = True
		$17.IncludeStaticEntities = False
		$3.NamingRule = $18
		$18.Name = Constant Fields
		$18.AffectedEntity = ConstantField
		$18.VisibilityMask = Protected, Public
		$18.NamingStyle = PascalCase
		$18.IncludeInstanceMembers = True
		$18.IncludeStaticEntities = True
		$3.NamingRule = $19
		$19.Name = Properties
		$19.AffectedEntity = Property
		$19.VisibilityMask = Protected, Public
		$19.NamingStyle = PascalCase
		$19.IncludeInstanceMembers = True
		$19.IncludeStaticEntities = True
		$3.NamingRule = $20
		$20.Name = Events
		$20.AffectedEntity = Event
		$20.VisibilityMask = Protected, Public
		$20.NamingStyle = PascalCase
		$20.IncludeInstanceMembers = True
		$20.IncludeStaticEntities = True
		$3.NamingRule = $21
		$21.Name = Enum Members
		$21.AffectedEntity = EnumMember
		$21.VisibilityMask = VisibilityMask
		$21.NamingStyle = PascalCase
		$21.IncludeInstanceMembers = True
		$21.IncludeStaticEntities = True
		$3.NamingRule = $22
		$22.Name = Parameters
		$22.AffectedEntity = Parameter
		$22.VisibilityMask = VisibilityMask
		$22.NamingStyle = CamelCase
		$22.IncludeInstanceMembers = True
		$22.IncludeStaticEntities = True
		$3.NamingRule = $23
		$23.Name = Type Parameters
		$23.RequiredPrefixes = $24
		$24.String = T
		$23.AffectedEntity = TypeParameter
		$23.VisibilityMask = VisibilityMask
		$23.NamingStyle = PascalCase
		$23.IncludeInstanceMembers = True
		$23.IncludeStaticEntities = True
		$0.VersionControlPolicy = $25
		$25.inheritsSet = Mono
	EndGlobalSection
	GlobalSection(SolutionProperties) = preSolution
		HideSolutionNode = FALSE
	EndGlobalSection
EndGlobal
