
Microsoft Visual Studio Solution File, Format Version 12.00
# Visual Studio 2013
VisualStudioVersion = 12.0.21005.1
MinimumVisualStudioVersion = 10.0.40219.1
Project("{2150E333-8FDC-42A3-9474-1A3956D46DE8}") = "Droid", "Droid", "{19F7345F-A758-4B1C-9C8F-7D54D62BC5C2}"
EndProject
Project("{FAE04EC0-301F-11D3-BF4B-00C04F79EFBC}") = "Droid", "Droid\Droid.csproj", "{82D90133-B8A7-4810-B2C4-661808A0062B}"
EndProject
Project("{FAE04EC0-301F-11D3-BF4B-00C04F79EFBC}") = "Droid.Phone", "Droid.Phone\Droid.Phone.csproj", "{8E25E0C6-BAAF-45DE-AE8C-0A7A6B84DE23}"
EndProject
Project("{2150E333-8FDC-42A3-9474-1A3956D46DE8}") = "iOS", "iOS", "{772F7A6F-9237-4FC6-BEDF-2F12C361CA3E}"
EndProject
Project("{FAE04EC0-301F-11D3-BF4B-00C04F79EFBC}") = "iOS", "iOS\iOS.csproj", "{04815E0A-0E38-4A0F-A821-530C371CD2DA}"
EndProject
Project("{FAE04EC0-301F-11D3-BF4B-00C04F79EFBC}") = "iOS.Phone", "iOS.Phone\iOS.Phone.csproj", "{89E087F1-CE85-443F-8AA9-ABB0867BEE41}"
EndProject
Project("{2150E333-8FDC-42A3-9474-1A3956D46DE8}") = "Shared", "Shared", "{204AD090-2AA2-4384-A7B8-F719D462E46F}"
EndProject
Project("{FAE04EC0-301F-11D3-BF4B-00C04F79EFBC}") = "Shared.Common", "Shared.Common\Shared.Common.csproj", "{CF876A71-9E29-4F7C-ABC7-BE9FE04E47B4}"
EndProject
Project("{FAE04EC0-301F-11D3-BF4B-00C04F79EFBC}") = "Shared.VM", "Shared.VM\Shared.VM.csproj", "{8BA73740-09B9-4923-8D33-B4539FAB205F}"
EndProject
Project("{FAE04EC0-301F-11D3-BF4B-00C04F79EFBC}") = "Shared.Bootstrapper", "Shared.Bootstrapper\Shared.Bootstrapper.csproj", "{8238DFDC-C0D3-425C-919D-24A958297403}"
EndProject
Project("{FAE04EC0-301F-11D3-BF4B-00C04F79EFBC}") = "Shared.Repository", "Shared.Repository\Shared.Repository.csproj", "{4F95195C-0B8D-46F2-93A5-E5BBAB30BB8D}"
EndProject
Project("{FAE04EC0-301F-11D3-BF4B-00C04F79EFBC}") = "Shared.Business", "Shared.API\Shared.Business.csproj", "{AD9AC37D-DF2D-4B68-B421-AC2F8C2AE3B4}"
EndProject
Project("{FAE04EC0-301F-11D3-BF4B-00C04F79EFBC}") = "Shared.Web", "Shared.Web\Shared.Web.csproj", "{ECDC4193-57B0-4089-8100-59D1117C86FC}"
EndProject
Global
	GlobalSection(SolutionConfigurationPlatforms) = preSolution
		Ad-Hoc|Any CPU = Ad-Hoc|Any CPU
		Ad-Hoc|iPhone = Ad-Hoc|iPhone
		Ad-Hoc|iPhoneSimulator = Ad-Hoc|iPhoneSimulator
		Ad-Hoc|Mixed Platforms = Ad-Hoc|Mixed Platforms
		AppStore|Any CPU = AppStore|Any CPU
		AppStore|iPhone = AppStore|iPhone
		AppStore|iPhoneSimulator = AppStore|iPhoneSimulator
		AppStore|Mixed Platforms = AppStore|Mixed Platforms
		BypassNavigation|Any CPU = BypassNavigation|Any CPU
		BypassNavigation|iPhone = BypassNavigation|iPhone
		BypassNavigation|iPhoneSimulator = BypassNavigation|iPhoneSimulator
		BypassNavigation|Mixed Platforms = BypassNavigation|Mixed Platforms
		Debug|Any CPU = Debug|Any CPU
		Debug|iPhone = Debug|iPhone
		Debug|iPhoneSimulator = Debug|iPhoneSimulator
		Debug|Mixed Platforms = Debug|Mixed Platforms
		Droid|Any CPU = Droid|Any CPU
		Droid|iPhone = Droid|iPhone
		Droid|iPhoneSimulator = Droid|iPhoneSimulator
		Droid|Mixed Platforms = Droid|Mixed Platforms
		DroidRelease|Any CPU = DroidRelease|Any CPU
		DroidRelease|iPhone = DroidRelease|iPhone
		DroidRelease|iPhoneSimulator = DroidRelease|iPhoneSimulator
		DroidRelease|Mixed Platforms = DroidRelease|Mixed Platforms
		DroidTest|Any CPU = DroidTest|Any CPU
		DroidTest|iPhone = DroidTest|iPhone
		DroidTest|iPhoneSimulator = DroidTest|iPhoneSimulator
		DroidTest|Mixed Platforms = DroidTest|Mixed Platforms
		Release|Any CPU = Release|Any CPU
		Release|iPhone = Release|iPhone
		Release|iPhoneSimulator = Release|iPhoneSimulator
		Release|Mixed Platforms = Release|Mixed Platforms
	EndGlobalSection
	GlobalSection(ProjectConfigurationPlatforms) = postSolution
		{82D90133-B8A7-4810-B2C4-661808A0062B}.Ad-Hoc|Any CPU.ActiveCfg = Debug|Any CPU
		{82D90133-B8A7-4810-B2C4-661808A0062B}.Ad-Hoc|iPhone.ActiveCfg = Release|Any CPU
		{82D90133-B8A7-4810-B2C4-661808A0062B}.Ad-Hoc|iPhone.Build.0 = Release|Any CPU
		{82D90133-B8A7-4810-B2C4-661808A0062B}.Ad-Hoc|iPhoneSimulator.ActiveCfg = Debug|Any CPU
		{82D90133-B8A7-4810-B2C4-661808A0062B}.Ad-Hoc|Mixed Platforms.ActiveCfg = Release|Any CPU
		{82D90133-B8A7-4810-B2C4-661808A0062B}.Ad-Hoc|Mixed Platforms.Build.0 = Release|Any CPU
		{82D90133-B8A7-4810-B2C4-661808A0062B}.AppStore|Any CPU.ActiveCfg = Debug|Any CPU
		{82D90133-B8A7-4810-B2C4-661808A0062B}.AppStore|iPhone.ActiveCfg = Release|Any CPU
		{82D90133-B8A7-4810-B2C4-661808A0062B}.AppStore|iPhone.Build.0 = Release|Any CPU
		{82D90133-B8A7-4810-B2C4-661808A0062B}.AppStore|iPhoneSimulator.ActiveCfg = Debug|Any CPU
		{82D90133-B8A7-4810-B2C4-661808A0062B}.AppStore|Mixed Platforms.ActiveCfg = Release|Any CPU
		{82D90133-B8A7-4810-B2C4-661808A0062B}.AppStore|Mixed Platforms.Build.0 = Release|Any CPU
		{82D90133-B8A7-4810-B2C4-661808A0062B}.BypassNavigation|Any CPU.ActiveCfg = Debug|Any CPU
		{82D90133-B8A7-4810-B2C4-661808A0062B}.BypassNavigation|iPhone.ActiveCfg = Debug|Any CPU
		{82D90133-B8A7-4810-B2C4-661808A0062B}.BypassNavigation|iPhone.Build.0 = Debug|Any CPU
		{82D90133-B8A7-4810-B2C4-661808A0062B}.BypassNavigation|iPhoneSimulator.ActiveCfg = Debug|Any CPU
		{82D90133-B8A7-4810-B2C4-661808A0062B}.BypassNavigation|iPhoneSimulator.Build.0 = Debug|Any CPU
		{82D90133-B8A7-4810-B2C4-661808A0062B}.BypassNavigation|Mixed Platforms.ActiveCfg = Release|Any CPU
		{82D90133-B8A7-4810-B2C4-661808A0062B}.BypassNavigation|Mixed Platforms.Build.0 = Release|Any CPU
		{82D90133-B8A7-4810-B2C4-661808A0062B}.Debug|Any CPU.ActiveCfg = Debug|Any CPU
		{82D90133-B8A7-4810-B2C4-661808A0062B}.Debug|Any CPU.Build.0 = Debug|Any CPU
		{82D90133-B8A7-4810-B2C4-661808A0062B}.Debug|iPhone.ActiveCfg = Debug|Any CPU
		{82D90133-B8A7-4810-B2C4-661808A0062B}.Debug|iPhone.Build.0 = Debug|Any CPU
		{82D90133-B8A7-4810-B2C4-661808A0062B}.Debug|iPhoneSimulator.ActiveCfg = Debug|Any CPU
		{82D90133-B8A7-4810-B2C4-661808A0062B}.Debug|iPhoneSimulator.Build.0 = Debug|Any CPU
		{82D90133-B8A7-4810-B2C4-661808A0062B}.Debug|Mixed Platforms.ActiveCfg = Debug|Any CPU
		{82D90133-B8A7-4810-B2C4-661808A0062B}.Debug|Mixed Platforms.Build.0 = Debug|Any CPU
		{82D90133-B8A7-4810-B2C4-661808A0062B}.Droid|Any CPU.ActiveCfg = Debug|Any CPU
		{82D90133-B8A7-4810-B2C4-661808A0062B}.Droid|Any CPU.Build.0 = Debug|Any CPU
		{82D90133-B8A7-4810-B2C4-661808A0062B}.Droid|iPhone.ActiveCfg = Debug|Any CPU
		{82D90133-B8A7-4810-B2C4-661808A0062B}.Droid|iPhone.Build.0 = Debug|Any CPU
		{82D90133-B8A7-4810-B2C4-661808A0062B}.Droid|iPhoneSimulator.ActiveCfg = Debug|Any CPU
		{82D90133-B8A7-4810-B2C4-661808A0062B}.Droid|Mixed Platforms.ActiveCfg = Debug|Any CPU
		{82D90133-B8A7-4810-B2C4-661808A0062B}.Droid|Mixed Platforms.Build.0 = Debug|Any CPU
		{82D90133-B8A7-4810-B2C4-661808A0062B}.DroidRelease|Any CPU.ActiveCfg = Release|Any CPU
		{82D90133-B8A7-4810-B2C4-661808A0062B}.DroidRelease|Any CPU.Build.0 = Release|Any CPU
		{82D90133-B8A7-4810-B2C4-661808A0062B}.DroidRelease|iPhone.ActiveCfg = Debug|Any CPU
		{82D90133-B8A7-4810-B2C4-661808A0062B}.DroidRelease|iPhone.Build.0 = Debug|Any CPU
		{82D90133-B8A7-4810-B2C4-661808A0062B}.DroidRelease|iPhoneSimulator.ActiveCfg = Debug|Any CPU
		{82D90133-B8A7-4810-B2C4-661808A0062B}.DroidRelease|Mixed Platforms.ActiveCfg = Release|Any CPU
		{82D90133-B8A7-4810-B2C4-661808A0062B}.DroidRelease|Mixed Platforms.Build.0 = Release|Any CPU
		{82D90133-B8A7-4810-B2C4-661808A0062B}.DroidTest|Any CPU.ActiveCfg = Debug|Any CPU
		{82D90133-B8A7-4810-B2C4-661808A0062B}.DroidTest|Any CPU.Build.0 = Debug|Any CPU
		{82D90133-B8A7-4810-B2C4-661808A0062B}.DroidTest|iPhone.ActiveCfg = Debug|Any CPU
		{82D90133-B8A7-4810-B2C4-661808A0062B}.DroidTest|iPhoneSimulator.ActiveCfg = Debug|Any CPU
		{82D90133-B8A7-4810-B2C4-661808A0062B}.DroidTest|Mixed Platforms.ActiveCfg = Debug|Any CPU
		{82D90133-B8A7-4810-B2C4-661808A0062B}.DroidTest|Mixed Platforms.Build.0 = Debug|Any CPU
		{82D90133-B8A7-4810-B2C4-661808A0062B}.Release|Any CPU.ActiveCfg = Release|Any CPU
		{82D90133-B8A7-4810-B2C4-661808A0062B}.Release|Any CPU.Build.0 = Release|Any CPU
		{82D90133-B8A7-4810-B2C4-661808A0062B}.Release|iPhone.ActiveCfg = Release|Any CPU
		{82D90133-B8A7-4810-B2C4-661808A0062B}.Release|iPhone.Build.0 = Release|Any CPU
		{82D90133-B8A7-4810-B2C4-661808A0062B}.Release|iPhoneSimulator.ActiveCfg = Release|Any CPU
		{82D90133-B8A7-4810-B2C4-661808A0062B}.Release|iPhoneSimulator.Build.0 = Release|Any CPU
		{82D90133-B8A7-4810-B2C4-661808A0062B}.Release|Mixed Platforms.ActiveCfg = Release|Any CPU
		{82D90133-B8A7-4810-B2C4-661808A0062B}.Release|Mixed Platforms.Build.0 = Release|Any CPU
		{8E25E0C6-BAAF-45DE-AE8C-0A7A6B84DE23}.Ad-Hoc|Any CPU.ActiveCfg = Debug|Any CPU
		{8E25E0C6-BAAF-45DE-AE8C-0A7A6B84DE23}.Ad-Hoc|iPhone.ActiveCfg = Release|Any CPU
		{8E25E0C6-BAAF-45DE-AE8C-0A7A6B84DE23}.Ad-Hoc|iPhone.Build.0 = Release|Any CPU
		{8E25E0C6-BAAF-45DE-AE8C-0A7A6B84DE23}.Ad-Hoc|iPhoneSimulator.ActiveCfg = Debug|Any CPU
		{8E25E0C6-BAAF-45DE-AE8C-0A7A6B84DE23}.Ad-Hoc|Mixed Platforms.ActiveCfg = TestCloud|Any CPU
		{8E25E0C6-BAAF-45DE-AE8C-0A7A6B84DE23}.Ad-Hoc|Mixed Platforms.Build.0 = TestCloud|Any CPU
		{8E25E0C6-BAAF-45DE-AE8C-0A7A6B84DE23}.Ad-Hoc|Mixed Platforms.Deploy.0 = TestCloud|Any CPU
		{8E25E0C6-BAAF-45DE-AE8C-0A7A6B84DE23}.AppStore|Any CPU.ActiveCfg = Debug|Any CPU
		{8E25E0C6-BAAF-45DE-AE8C-0A7A6B84DE23}.AppStore|iPhone.ActiveCfg = Release|Any CPU
		{8E25E0C6-BAAF-45DE-AE8C-0A7A6B84DE23}.AppStore|iPhone.Build.0 = Release|Any CPU
		{8E25E0C6-BAAF-45DE-AE8C-0A7A6B84DE23}.AppStore|iPhoneSimulator.ActiveCfg = Debug|Any CPU
		{8E25E0C6-BAAF-45DE-AE8C-0A7A6B84DE23}.AppStore|Mixed Platforms.ActiveCfg = TestCloud|Any CPU
		{8E25E0C6-BAAF-45DE-AE8C-0A7A6B84DE23}.AppStore|Mixed Platforms.Build.0 = TestCloud|Any CPU
		{8E25E0C6-BAAF-45DE-AE8C-0A7A6B84DE23}.AppStore|Mixed Platforms.Deploy.0 = TestCloud|Any CPU
		{8E25E0C6-BAAF-45DE-AE8C-0A7A6B84DE23}.BypassNavigation|Any CPU.ActiveCfg = Debug|Any CPU
		{8E25E0C6-BAAF-45DE-AE8C-0A7A6B84DE23}.BypassNavigation|iPhone.ActiveCfg = Debug|Any CPU
		{8E25E0C6-BAAF-45DE-AE8C-0A7A6B84DE23}.BypassNavigation|iPhone.Build.0 = Debug|Any CPU
		{8E25E0C6-BAAF-45DE-AE8C-0A7A6B84DE23}.BypassNavigation|iPhoneSimulator.ActiveCfg = Debug|Any CPU
		{8E25E0C6-BAAF-45DE-AE8C-0A7A6B84DE23}.BypassNavigation|iPhoneSimulator.Build.0 = Debug|Any CPU
		{8E25E0C6-BAAF-45DE-AE8C-0A7A6B84DE23}.BypassNavigation|Mixed Platforms.ActiveCfg = TestCloud|Any CPU
		{8E25E0C6-BAAF-45DE-AE8C-0A7A6B84DE23}.BypassNavigation|Mixed Platforms.Build.0 = TestCloud|Any CPU
		{8E25E0C6-BAAF-45DE-AE8C-0A7A6B84DE23}.BypassNavigation|Mixed Platforms.Deploy.0 = TestCloud|Any CPU
		{8E25E0C6-BAAF-45DE-AE8C-0A7A6B84DE23}.Debug|Any CPU.ActiveCfg = Debug|Any CPU
		{8E25E0C6-BAAF-45DE-AE8C-0A7A6B84DE23}.Debug|Any CPU.Build.0 = Debug|Any CPU
		{8E25E0C6-BAAF-45DE-AE8C-0A7A6B84DE23}.Debug|Any CPU.Deploy.0 = Debug|Any CPU
		{8E25E0C6-BAAF-45DE-AE8C-0A7A6B84DE23}.Debug|iPhone.ActiveCfg = Debug|Any CPU
		{8E25E0C6-BAAF-45DE-AE8C-0A7A6B84DE23}.Debug|iPhone.Build.0 = Debug|Any CPU
		{8E25E0C6-BAAF-45DE-AE8C-0A7A6B84DE23}.Debug|iPhoneSimulator.ActiveCfg = Debug|Any CPU
		{8E25E0C6-BAAF-45DE-AE8C-0A7A6B84DE23}.Debug|iPhoneSimulator.Build.0 = Debug|Any CPU
		{8E25E0C6-BAAF-45DE-AE8C-0A7A6B84DE23}.Debug|Mixed Platforms.ActiveCfg = Debug|Any CPU
		{8E25E0C6-BAAF-45DE-AE8C-0A7A6B84DE23}.Debug|Mixed Platforms.Build.0 = Debug|Any CPU
		{8E25E0C6-BAAF-45DE-AE8C-0A7A6B84DE23}.Debug|Mixed Platforms.Deploy.0 = Debug|Any CPU
		{8E25E0C6-BAAF-45DE-AE8C-0A7A6B84DE23}.Droid|Any CPU.ActiveCfg = Debug|Any CPU
		{8E25E0C6-BAAF-45DE-AE8C-0A7A6B84DE23}.Droid|Any CPU.Build.0 = Debug|Any CPU
		{8E25E0C6-BAAF-45DE-AE8C-0A7A6B84DE23}.Droid|Any CPU.Deploy.0 = Debug|Any CPU
		{8E25E0C6-BAAF-45DE-AE8C-0A7A6B84DE23}.Droid|iPhone.ActiveCfg = Debug|Any CPU
		{8E25E0C6-BAAF-45DE-AE8C-0A7A6B84DE23}.Droid|iPhone.Build.0 = Debug|Any CPU
		{8E25E0C6-BAAF-45DE-AE8C-0A7A6B84DE23}.Droid|iPhone.Deploy.0 = Debug|Any CPU
		{8E25E0C6-BAAF-45DE-AE8C-0A7A6B84DE23}.Droid|iPhoneSimulator.ActiveCfg = Debug|Any CPU
		{8E25E0C6-BAAF-45DE-AE8C-0A7A6B84DE23}.Droid|Mixed Platforms.ActiveCfg = Debug|Any CPU
		{8E25E0C6-BAAF-45DE-AE8C-0A7A6B84DE23}.Droid|Mixed Platforms.Build.0 = Debug|Any CPU
		{8E25E0C6-BAAF-45DE-AE8C-0A7A6B84DE23}.Droid|Mixed Platforms.Deploy.0 = Debug|Any CPU
		{8E25E0C6-BAAF-45DE-AE8C-0A7A6B84DE23}.DroidRelease|Any CPU.ActiveCfg = Release|Any CPU
		{8E25E0C6-BAAF-45DE-AE8C-0A7A6B84DE23}.DroidRelease|Any CPU.Build.0 = Release|Any CPU
		{8E25E0C6-BAAF-45DE-AE8C-0A7A6B84DE23}.DroidRelease|Any CPU.Deploy.0 = Release|Any CPU
		{8E25E0C6-BAAF-45DE-AE8C-0A7A6B84DE23}.DroidRelease|iPhone.ActiveCfg = Debug|Any CPU
		{8E25E0C6-BAAF-45DE-AE8C-0A7A6B84DE23}.DroidRelease|iPhone.Build.0 = Debug|Any CPU
		{8E25E0C6-BAAF-45DE-AE8C-0A7A6B84DE23}.DroidRelease|iPhone.Deploy.0 = Debug|Any CPU
		{8E25E0C6-BAAF-45DE-AE8C-0A7A6B84DE23}.DroidRelease|iPhoneSimulator.ActiveCfg = Debug|Any CPU
		{8E25E0C6-BAAF-45DE-AE8C-0A7A6B84DE23}.DroidRelease|Mixed Platforms.ActiveCfg = Release|Any CPU
		{8E25E0C6-BAAF-45DE-AE8C-0A7A6B84DE23}.DroidRelease|Mixed Platforms.Build.0 = Release|Any CPU
		{8E25E0C6-BAAF-45DE-AE8C-0A7A6B84DE23}.DroidRelease|Mixed Platforms.Deploy.0 = Release|Any CPU
		{8E25E0C6-BAAF-45DE-AE8C-0A7A6B84DE23}.DroidTest|Any CPU.ActiveCfg = Debug|Any CPU
		{8E25E0C6-BAAF-45DE-AE8C-0A7A6B84DE23}.DroidTest|Any CPU.Build.0 = Debug|Any CPU
		{8E25E0C6-BAAF-45DE-AE8C-0A7A6B84DE23}.DroidTest|Any CPU.Deploy.0 = Debug|Any CPU
		{8E25E0C6-BAAF-45DE-AE8C-0A7A6B84DE23}.DroidTest|iPhone.ActiveCfg = Debug|Any CPU
		{8E25E0C6-BAAF-45DE-AE8C-0A7A6B84DE23}.DroidTest|iPhoneSimulator.ActiveCfg = Debug|Any CPU
		{8E25E0C6-BAAF-45DE-AE8C-0A7A6B84DE23}.DroidTest|Mixed Platforms.ActiveCfg = Debug|Any CPU
		{8E25E0C6-BAAF-45DE-AE8C-0A7A6B84DE23}.DroidTest|Mixed Platforms.Build.0 = Debug|Any CPU
		{8E25E0C6-BAAF-45DE-AE8C-0A7A6B84DE23}.DroidTest|Mixed Platforms.Deploy.0 = Debug|Any CPU
		{8E25E0C6-BAAF-45DE-AE8C-0A7A6B84DE23}.Release|Any CPU.ActiveCfg = Release|Any CPU
		{8E25E0C6-BAAF-45DE-AE8C-0A7A6B84DE23}.Release|Any CPU.Build.0 = Release|Any CPU
		{8E25E0C6-BAAF-45DE-AE8C-0A7A6B84DE23}.Release|Any CPU.Deploy.0 = Release|Any CPU
		{8E25E0C6-BAAF-45DE-AE8C-0A7A6B84DE23}.Release|iPhone.ActiveCfg = Release|Any CPU
		{8E25E0C6-BAAF-45DE-AE8C-0A7A6B84DE23}.Release|iPhone.Build.0 = Release|Any CPU
		{8E25E0C6-BAAF-45DE-AE8C-0A7A6B84DE23}.Release|iPhoneSimulator.ActiveCfg = Release|Any CPU
		{8E25E0C6-BAAF-45DE-AE8C-0A7A6B84DE23}.Release|iPhoneSimulator.Build.0 = Release|Any CPU
		{8E25E0C6-BAAF-45DE-AE8C-0A7A6B84DE23}.Release|Mixed Platforms.ActiveCfg = Release|Any CPU
		{8E25E0C6-BAAF-45DE-AE8C-0A7A6B84DE23}.Release|Mixed Platforms.Build.0 = Release|Any CPU
		{8E25E0C6-BAAF-45DE-AE8C-0A7A6B84DE23}.Release|Mixed Platforms.Deploy.0 = Release|Any CPU
		{04815E0A-0E38-4A0F-A821-530C371CD2DA}.Ad-Hoc|Any CPU.ActiveCfg = Debug|Any CPU
		{04815E0A-0E38-4A0F-A821-530C371CD2DA}.Ad-Hoc|iPhone.ActiveCfg = Release|Any CPU
		{04815E0A-0E38-4A0F-A821-530C371CD2DA}.Ad-Hoc|iPhone.Build.0 = Release|Any CPU
		{04815E0A-0E38-4A0F-A821-530C371CD2DA}.Ad-Hoc|iPhoneSimulator.ActiveCfg = Debug|Any CPU
		{04815E0A-0E38-4A0F-A821-530C371CD2DA}.Ad-Hoc|Mixed Platforms.ActiveCfg = Release|Any CPU
		{04815E0A-0E38-4A0F-A821-530C371CD2DA}.Ad-Hoc|Mixed Platforms.Build.0 = Release|Any CPU
		{04815E0A-0E38-4A0F-A821-530C371CD2DA}.AppStore|Any CPU.ActiveCfg = Debug|Any CPU
		{04815E0A-0E38-4A0F-A821-530C371CD2DA}.AppStore|iPhone.ActiveCfg = Release|Any CPU
		{04815E0A-0E38-4A0F-A821-530C371CD2DA}.AppStore|iPhone.Build.0 = Release|Any CPU
		{04815E0A-0E38-4A0F-A821-530C371CD2DA}.AppStore|iPhoneSimulator.ActiveCfg = Debug|Any CPU
		{04815E0A-0E38-4A0F-A821-530C371CD2DA}.AppStore|Mixed Platforms.ActiveCfg = Release|Any CPU
		{04815E0A-0E38-4A0F-A821-530C371CD2DA}.AppStore|Mixed Platforms.Build.0 = Release|Any CPU
		{04815E0A-0E38-4A0F-A821-530C371CD2DA}.BypassNavigation|Any CPU.ActiveCfg = Debug|Any CPU
		{04815E0A-0E38-4A0F-A821-530C371CD2DA}.BypassNavigation|iPhone.ActiveCfg = Debug|Any CPU
		{04815E0A-0E38-4A0F-A821-530C371CD2DA}.BypassNavigation|iPhone.Build.0 = Debug|Any CPU
		{04815E0A-0E38-4A0F-A821-530C371CD2DA}.BypassNavigation|iPhoneSimulator.ActiveCfg = Debug|Any CPU
		{04815E0A-0E38-4A0F-A821-530C371CD2DA}.BypassNavigation|iPhoneSimulator.Build.0 = Debug|Any CPU
		{04815E0A-0E38-4A0F-A821-530C371CD2DA}.BypassNavigation|Mixed Platforms.ActiveCfg = Release|Any CPU
		{04815E0A-0E38-4A0F-A821-530C371CD2DA}.BypassNavigation|Mixed Platforms.Build.0 = Release|Any CPU
		{04815E0A-0E38-4A0F-A821-530C371CD2DA}.Debug|Any CPU.ActiveCfg = Debug|Any CPU
		{04815E0A-0E38-4A0F-A821-530C371CD2DA}.Debug|Any CPU.Build.0 = Debug|Any CPU
		{04815E0A-0E38-4A0F-A821-530C371CD2DA}.Debug|iPhone.ActiveCfg = Debug|Any CPU
		{04815E0A-0E38-4A0F-A821-530C371CD2DA}.Debug|iPhone.Build.0 = Debug|Any CPU
		{04815E0A-0E38-4A0F-A821-530C371CD2DA}.Debug|iPhoneSimulator.ActiveCfg = Debug|Any CPU
		{04815E0A-0E38-4A0F-A821-530C371CD2DA}.Debug|iPhoneSimulator.Build.0 = Debug|Any CPU
		{04815E0A-0E38-4A0F-A821-530C371CD2DA}.Debug|Mixed Platforms.ActiveCfg = Debug|Any CPU
		{04815E0A-0E38-4A0F-A821-530C371CD2DA}.Debug|Mixed Platforms.Build.0 = Debug|Any CPU
		{04815E0A-0E38-4A0F-A821-530C371CD2DA}.Droid|Any CPU.ActiveCfg = Debug|Any CPU
		{04815E0A-0E38-4A0F-A821-530C371CD2DA}.Droid|iPhone.ActiveCfg = Debug|Any CPU
		{04815E0A-0E38-4A0F-A821-530C371CD2DA}.Droid|iPhoneSimulator.ActiveCfg = Debug|Any CPU
		{04815E0A-0E38-4A0F-A821-530C371CD2DA}.Droid|Mixed Platforms.ActiveCfg = Debug|Any CPU
		{04815E0A-0E38-4A0F-A821-530C371CD2DA}.Droid|Mixed Platforms.Build.0 = Debug|Any CPU
		{04815E0A-0E38-4A0F-A821-530C371CD2DA}.DroidRelease|Any CPU.ActiveCfg = Debug|Any CPU
		{04815E0A-0E38-4A0F-A821-530C371CD2DA}.DroidRelease|iPhone.ActiveCfg = Debug|Any CPU
		{04815E0A-0E38-4A0F-A821-530C371CD2DA}.DroidRelease|iPhoneSimulator.ActiveCfg = Debug|Any CPU
		{04815E0A-0E38-4A0F-A821-530C371CD2DA}.DroidRelease|Mixed Platforms.ActiveCfg = Release|Any CPU
		{04815E0A-0E38-4A0F-A821-530C371CD2DA}.DroidRelease|Mixed Platforms.Build.0 = Release|Any CPU
		{04815E0A-0E38-4A0F-A821-530C371CD2DA}.DroidTest|Any CPU.ActiveCfg = Debug|Any CPU
		{04815E0A-0E38-4A0F-A821-530C371CD2DA}.DroidTest|iPhone.ActiveCfg = Debug|Any CPU
		{04815E0A-0E38-4A0F-A821-530C371CD2DA}.DroidTest|iPhoneSimulator.ActiveCfg = Debug|Any CPU
		{04815E0A-0E38-4A0F-A821-530C371CD2DA}.DroidTest|Mixed Platforms.ActiveCfg = Debug|Any CPU
		{04815E0A-0E38-4A0F-A821-530C371CD2DA}.DroidTest|Mixed Platforms.Build.0 = Debug|Any CPU
		{04815E0A-0E38-4A0F-A821-530C371CD2DA}.Release|Any CPU.ActiveCfg = Release|Any CPU
		{04815E0A-0E38-4A0F-A821-530C371CD2DA}.Release|Any CPU.Build.0 = Release|Any CPU
		{04815E0A-0E38-4A0F-A821-530C371CD2DA}.Release|iPhone.ActiveCfg = Release|Any CPU
		{04815E0A-0E38-4A0F-A821-530C371CD2DA}.Release|iPhone.Build.0 = Release|Any CPU
		{04815E0A-0E38-4A0F-A821-530C371CD2DA}.Release|iPhoneSimulator.ActiveCfg = Release|Any CPU
		{04815E0A-0E38-4A0F-A821-530C371CD2DA}.Release|iPhoneSimulator.Build.0 = Release|Any CPU
		{04815E0A-0E38-4A0F-A821-530C371CD2DA}.Release|Mixed Platforms.ActiveCfg = Release|Any CPU
		{04815E0A-0E38-4A0F-A821-530C371CD2DA}.Release|Mixed Platforms.Build.0 = Release|Any CPU
		{89E087F1-CE85-443F-8AA9-ABB0867BEE41}.Ad-Hoc|Any CPU.ActiveCfg = Ad-Hoc|iPhone
		{89E087F1-CE85-443F-8AA9-ABB0867BEE41}.Ad-Hoc|iPhone.ActiveCfg = Ad-Hoc|iPhone
		{89E087F1-CE85-443F-8AA9-ABB0867BEE41}.Ad-Hoc|iPhone.Build.0 = Ad-Hoc|iPhone
		{89E087F1-CE85-443F-8AA9-ABB0867BEE41}.Ad-Hoc|iPhoneSimulator.ActiveCfg = Ad-Hoc|iPhone
		{89E087F1-CE85-443F-8AA9-ABB0867BEE41}.Ad-Hoc|Mixed Platforms.ActiveCfg = Ad-Hoc|iPhoneSimulator
		{89E087F1-CE85-443F-8AA9-ABB0867BEE41}.Ad-Hoc|Mixed Platforms.Build.0 = Ad-Hoc|iPhoneSimulator
		{89E087F1-CE85-443F-8AA9-ABB0867BEE41}.AppStore|Any CPU.ActiveCfg = AppStore|iPhone
		{89E087F1-CE85-443F-8AA9-ABB0867BEE41}.AppStore|iPhone.ActiveCfg = AppStore|iPhone
		{89E087F1-CE85-443F-8AA9-ABB0867BEE41}.AppStore|iPhone.Build.0 = AppStore|iPhone
		{89E087F1-CE85-443F-8AA9-ABB0867BEE41}.AppStore|iPhoneSimulator.ActiveCfg = AppStore|iPhone
		{89E087F1-CE85-443F-8AA9-ABB0867BEE41}.AppStore|Mixed Platforms.ActiveCfg = AppStore|iPhoneSimulator
		{89E087F1-CE85-443F-8AA9-ABB0867BEE41}.AppStore|Mixed Platforms.Build.0 = AppStore|iPhoneSimulator
		{89E087F1-CE85-443F-8AA9-ABB0867BEE41}.BypassNavigation|Any CPU.ActiveCfg = Release|iPhone
		{89E087F1-CE85-443F-8AA9-ABB0867BEE41}.BypassNavigation|iPhone.ActiveCfg = Debug|iPhone
		{89E087F1-CE85-443F-8AA9-ABB0867BEE41}.BypassNavigation|iPhone.Build.0 = Debug|iPhone
		{89E087F1-CE85-443F-8AA9-ABB0867BEE41}.BypassNavigation|iPhoneSimulator.ActiveCfg = Debug|iPhoneSimulator
		{89E087F1-CE85-443F-8AA9-ABB0867BEE41}.BypassNavigation|iPhoneSimulator.Build.0 = Debug|iPhoneSimulator
		{89E087F1-CE85-443F-8AA9-ABB0867BEE41}.BypassNavigation|Mixed Platforms.ActiveCfg = BypassNavigation|iPhone
		{89E087F1-CE85-443F-8AA9-ABB0867BEE41}.BypassNavigation|Mixed Platforms.Build.0 = BypassNavigation|iPhone
		{89E087F1-CE85-443F-8AA9-ABB0867BEE41}.Debug|Any CPU.ActiveCfg = Debug|iPhoneSimulator
		{89E087F1-CE85-443F-8AA9-ABB0867BEE41}.Debug|Any CPU.Build.0 = Debug|iPhoneSimulator
		{89E087F1-CE85-443F-8AA9-ABB0867BEE41}.Debug|iPhone.ActiveCfg = Debug|iPhone
		{89E087F1-CE85-443F-8AA9-ABB0867BEE41}.Debug|iPhone.Build.0 = Debug|iPhone
		{89E087F1-CE85-443F-8AA9-ABB0867BEE41}.Debug|iPhoneSimulator.ActiveCfg = Debug|iPhoneSimulator
		{89E087F1-CE85-443F-8AA9-ABB0867BEE41}.Debug|iPhoneSimulator.Build.0 = Debug|iPhoneSimulator
		{89E087F1-CE85-443F-8AA9-ABB0867BEE41}.Debug|Mixed Platforms.ActiveCfg = Debug|iPhoneSimulator
		{89E087F1-CE85-443F-8AA9-ABB0867BEE41}.Debug|Mixed Platforms.Build.0 = Debug|iPhoneSimulator
		{89E087F1-CE85-443F-8AA9-ABB0867BEE41}.Droid|Any CPU.ActiveCfg = Debug|iPhoneSimulator
		{89E087F1-CE85-443F-8AA9-ABB0867BEE41}.Droid|iPhone.ActiveCfg = Debug|iPhone
		{89E087F1-CE85-443F-8AA9-ABB0867BEE41}.Droid|iPhoneSimulator.ActiveCfg = Debug|iPhoneSimulator
		{89E087F1-CE85-443F-8AA9-ABB0867BEE41}.Droid|iPhoneSimulator.Build.0 = Debug|iPhoneSimulator
		{89E087F1-CE85-443F-8AA9-ABB0867BEE41}.Droid|Mixed Platforms.ActiveCfg = Debug|iPhoneSimulator
		{89E087F1-CE85-443F-8AA9-ABB0867BEE41}.Droid|Mixed Platforms.Build.0 = Debug|iPhoneSimulator
		{89E087F1-CE85-443F-8AA9-ABB0867BEE41}.DroidRelease|Any CPU.ActiveCfg = Debug|iPhoneSimulator
		{89E087F1-CE85-443F-8AA9-ABB0867BEE41}.DroidRelease|iPhone.ActiveCfg = Debug|iPhone
		{89E087F1-CE85-443F-8AA9-ABB0867BEE41}.DroidRelease|iPhoneSimulator.ActiveCfg = Debug|iPhoneSimulator
		{89E087F1-CE85-443F-8AA9-ABB0867BEE41}.DroidRelease|iPhoneSimulator.Build.0 = Debug|iPhoneSimulator
		{89E087F1-CE85-443F-8AA9-ABB0867BEE41}.DroidRelease|Mixed Platforms.ActiveCfg = Release|iPhoneSimulator
		{89E087F1-CE85-443F-8AA9-ABB0867BEE41}.DroidRelease|Mixed Platforms.Build.0 = Release|iPhoneSimulator
		{89E087F1-CE85-443F-8AA9-ABB0867BEE41}.DroidTest|Any CPU.ActiveCfg = Debug|iPhoneSimulator
		{89E087F1-CE85-443F-8AA9-ABB0867BEE41}.DroidTest|iPhone.ActiveCfg = Debug|iPhone
		{89E087F1-CE85-443F-8AA9-ABB0867BEE41}.DroidTest|iPhone.Build.0 = Debug|iPhone
		{89E087F1-CE85-443F-8AA9-ABB0867BEE41}.DroidTest|iPhoneSimulator.ActiveCfg = Debug|iPhoneSimulator
		{89E087F1-CE85-443F-8AA9-ABB0867BEE41}.DroidTest|iPhoneSimulator.Build.0 = Debug|iPhoneSimulator
		{89E087F1-CE85-443F-8AA9-ABB0867BEE41}.DroidTest|Mixed Platforms.ActiveCfg = Debug|iPhoneSimulator
		{89E087F1-CE85-443F-8AA9-ABB0867BEE41}.DroidTest|Mixed Platforms.Build.0 = Debug|iPhoneSimulator
		{89E087F1-CE85-443F-8AA9-ABB0867BEE41}.Release|Any CPU.ActiveCfg = Release|iPhoneSimulator
		{89E087F1-CE85-443F-8AA9-ABB0867BEE41}.Release|Any CPU.Build.0 = Release|iPhoneSimulator
		{89E087F1-CE85-443F-8AA9-ABB0867BEE41}.Release|iPhone.ActiveCfg = Release|iPhone
		{89E087F1-CE85-443F-8AA9-ABB0867BEE41}.Release|iPhone.Build.0 = Release|iPhone
		{89E087F1-CE85-443F-8AA9-ABB0867BEE41}.Release|iPhoneSimulator.ActiveCfg = Release|iPhoneSimulator
		{89E087F1-CE85-443F-8AA9-ABB0867BEE41}.Release|iPhoneSimulator.Build.0 = Release|iPhoneSimulator
		{89E087F1-CE85-443F-8AA9-ABB0867BEE41}.Release|Mixed Platforms.ActiveCfg = Release|iPhoneSimulator
		{89E087F1-CE85-443F-8AA9-ABB0867BEE41}.Release|Mixed Platforms.Build.0 = Release|iPhoneSimulator
		{CF876A71-9E29-4F7C-ABC7-BE9FE04E47B4}.Ad-Hoc|Any CPU.ActiveCfg = Debug|Any CPU
		{CF876A71-9E29-4F7C-ABC7-BE9FE04E47B4}.Ad-Hoc|iPhone.ActiveCfg = Release|Any CPU
		{CF876A71-9E29-4F7C-ABC7-BE9FE04E47B4}.Ad-Hoc|iPhone.Build.0 = Release|Any CPU
		{CF876A71-9E29-4F7C-ABC7-BE9FE04E47B4}.Ad-Hoc|iPhoneSimulator.ActiveCfg = Debug|Any CPU
		{CF876A71-9E29-4F7C-ABC7-BE9FE04E47B4}.Ad-Hoc|Mixed Platforms.ActiveCfg = Release|Any CPU
		{CF876A71-9E29-4F7C-ABC7-BE9FE04E47B4}.Ad-Hoc|Mixed Platforms.Build.0 = Release|Any CPU
		{CF876A71-9E29-4F7C-ABC7-BE9FE04E47B4}.AppStore|Any CPU.ActiveCfg = Debug|Any CPU
		{CF876A71-9E29-4F7C-ABC7-BE9FE04E47B4}.AppStore|iPhone.ActiveCfg = Release|Any CPU
		{CF876A71-9E29-4F7C-ABC7-BE9FE04E47B4}.AppStore|iPhone.Build.0 = Release|Any CPU
		{CF876A71-9E29-4F7C-ABC7-BE9FE04E47B4}.AppStore|iPhoneSimulator.ActiveCfg = Debug|Any CPU
		{CF876A71-9E29-4F7C-ABC7-BE9FE04E47B4}.AppStore|Mixed Platforms.ActiveCfg = Release|Any CPU
		{CF876A71-9E29-4F7C-ABC7-BE9FE04E47B4}.AppStore|Mixed Platforms.Build.0 = Release|Any CPU
		{CF876A71-9E29-4F7C-ABC7-BE9FE04E47B4}.BypassNavigation|Any CPU.ActiveCfg = Debug|Any CPU
		{CF876A71-9E29-4F7C-ABC7-BE9FE04E47B4}.BypassNavigation|iPhone.ActiveCfg = Debug|Any CPU
		{CF876A71-9E29-4F7C-ABC7-BE9FE04E47B4}.BypassNavigation|iPhone.Build.0 = Debug|Any CPU
		{CF876A71-9E29-4F7C-ABC7-BE9FE04E47B4}.BypassNavigation|iPhoneSimulator.ActiveCfg = Debug|Any CPU
		{CF876A71-9E29-4F7C-ABC7-BE9FE04E47B4}.BypassNavigation|iPhoneSimulator.Build.0 = Debug|Any CPU
		{CF876A71-9E29-4F7C-ABC7-BE9FE04E47B4}.BypassNavigation|Mixed Platforms.ActiveCfg = Release|Any CPU
		{CF876A71-9E29-4F7C-ABC7-BE9FE04E47B4}.BypassNavigation|Mixed Platforms.Build.0 = Release|Any CPU
		{CF876A71-9E29-4F7C-ABC7-BE9FE04E47B4}.Debug|Any CPU.ActiveCfg = Debug|Any CPU
		{CF876A71-9E29-4F7C-ABC7-BE9FE04E47B4}.Debug|Any CPU.Build.0 = Debug|Any CPU
		{CF876A71-9E29-4F7C-ABC7-BE9FE04E47B4}.Debug|iPhone.ActiveCfg = Debug|Any CPU
		{CF876A71-9E29-4F7C-ABC7-BE9FE04E47B4}.Debug|iPhone.Build.0 = Debug|Any CPU
		{CF876A71-9E29-4F7C-ABC7-BE9FE04E47B4}.Debug|iPhoneSimulator.ActiveCfg = Debug|Any CPU
		{CF876A71-9E29-4F7C-ABC7-BE9FE04E47B4}.Debug|iPhoneSimulator.Build.0 = Debug|Any CPU
		{CF876A71-9E29-4F7C-ABC7-BE9FE04E47B4}.Debug|Mixed Platforms.ActiveCfg = Debug|Any CPU
		{CF876A71-9E29-4F7C-ABC7-BE9FE04E47B4}.Debug|Mixed Platforms.Build.0 = Debug|Any CPU
		{CF876A71-9E29-4F7C-ABC7-BE9FE04E47B4}.Droid|Any CPU.ActiveCfg = Debug|Any CPU
		{CF876A71-9E29-4F7C-ABC7-BE9FE04E47B4}.Droid|Any CPU.Build.0 = Debug|Any CPU
		{CF876A71-9E29-4F7C-ABC7-BE9FE04E47B4}.Droid|iPhone.ActiveCfg = Debug|Any CPU
		{CF876A71-9E29-4F7C-ABC7-BE9FE04E47B4}.Droid|iPhone.Build.0 = Debug|Any CPU
		{CF876A71-9E29-4F7C-ABC7-BE9FE04E47B4}.Droid|iPhoneSimulator.ActiveCfg = Debug|Any CPU
		{CF876A71-9E29-4F7C-ABC7-BE9FE04E47B4}.Droid|Mixed Platforms.ActiveCfg = Debug|Any CPU
		{CF876A71-9E29-4F7C-ABC7-BE9FE04E47B4}.Droid|Mixed Platforms.Build.0 = Debug|Any CPU
		{CF876A71-9E29-4F7C-ABC7-BE9FE04E47B4}.DroidRelease|Any CPU.ActiveCfg = Release|Any CPU
		{CF876A71-9E29-4F7C-ABC7-BE9FE04E47B4}.DroidRelease|Any CPU.Build.0 = Release|Any CPU
		{CF876A71-9E29-4F7C-ABC7-BE9FE04E47B4}.DroidRelease|iPhone.ActiveCfg = Debug|Any CPU
		{CF876A71-9E29-4F7C-ABC7-BE9FE04E47B4}.DroidRelease|iPhone.Build.0 = Debug|Any CPU
		{CF876A71-9E29-4F7C-ABC7-BE9FE04E47B4}.DroidRelease|iPhoneSimulator.ActiveCfg = Debug|Any CPU
		{CF876A71-9E29-4F7C-ABC7-BE9FE04E47B4}.DroidRelease|Mixed Platforms.ActiveCfg = Release|Any CPU
		{CF876A71-9E29-4F7C-ABC7-BE9FE04E47B4}.DroidRelease|Mixed Platforms.Build.0 = Release|Any CPU
		{CF876A71-9E29-4F7C-ABC7-BE9FE04E47B4}.DroidTest|Any CPU.ActiveCfg = Debug|Any CPU
		{CF876A71-9E29-4F7C-ABC7-BE9FE04E47B4}.DroidTest|Any CPU.Build.0 = Debug|Any CPU
		{CF876A71-9E29-4F7C-ABC7-BE9FE04E47B4}.DroidTest|iPhone.ActiveCfg = Debug|Any CPU
		{CF876A71-9E29-4F7C-ABC7-BE9FE04E47B4}.DroidTest|iPhoneSimulator.ActiveCfg = Debug|Any CPU
		{CF876A71-9E29-4F7C-ABC7-BE9FE04E47B4}.DroidTest|Mixed Platforms.ActiveCfg = Debug|Any CPU
		{CF876A71-9E29-4F7C-ABC7-BE9FE04E47B4}.DroidTest|Mixed Platforms.Build.0 = Debug|Any CPU
		{CF876A71-9E29-4F7C-ABC7-BE9FE04E47B4}.Release|Any CPU.ActiveCfg = Release|Any CPU
		{CF876A71-9E29-4F7C-ABC7-BE9FE04E47B4}.Release|Any CPU.Build.0 = Release|Any CPU
		{CF876A71-9E29-4F7C-ABC7-BE9FE04E47B4}.Release|iPhone.ActiveCfg = Release|Any CPU
		{CF876A71-9E29-4F7C-ABC7-BE9FE04E47B4}.Release|iPhone.Build.0 = Release|Any CPU
		{CF876A71-9E29-4F7C-ABC7-BE9FE04E47B4}.Release|iPhoneSimulator.ActiveCfg = Release|Any CPU
		{CF876A71-9E29-4F7C-ABC7-BE9FE04E47B4}.Release|iPhoneSimulator.Build.0 = Release|Any CPU
		{CF876A71-9E29-4F7C-ABC7-BE9FE04E47B4}.Release|Mixed Platforms.ActiveCfg = Release|Any CPU
		{CF876A71-9E29-4F7C-ABC7-BE9FE04E47B4}.Release|Mixed Platforms.Build.0 = Release|Any CPU
		{8BA73740-09B9-4923-8D33-B4539FAB205F}.Ad-Hoc|Any CPU.ActiveCfg = Debug|Any CPU
		{8BA73740-09B9-4923-8D33-B4539FAB205F}.Ad-Hoc|iPhone.ActiveCfg = Release|Any CPU
		{8BA73740-09B9-4923-8D33-B4539FAB205F}.Ad-Hoc|iPhone.Build.0 = Release|Any CPU
		{8BA73740-09B9-4923-8D33-B4539FAB205F}.Ad-Hoc|iPhoneSimulator.ActiveCfg = Debug|Any CPU
		{8BA73740-09B9-4923-8D33-B4539FAB205F}.Ad-Hoc|Mixed Platforms.ActiveCfg = Release|Any CPU
		{8BA73740-09B9-4923-8D33-B4539FAB205F}.Ad-Hoc|Mixed Platforms.Build.0 = Release|Any CPU
		{8BA73740-09B9-4923-8D33-B4539FAB205F}.AppStore|Any CPU.ActiveCfg = Debug|Any CPU
		{8BA73740-09B9-4923-8D33-B4539FAB205F}.AppStore|iPhone.ActiveCfg = Release|Any CPU
		{8BA73740-09B9-4923-8D33-B4539FAB205F}.AppStore|iPhone.Build.0 = Release|Any CPU
		{8BA73740-09B9-4923-8D33-B4539FAB205F}.AppStore|iPhoneSimulator.ActiveCfg = Debug|Any CPU
		{8BA73740-09B9-4923-8D33-B4539FAB205F}.AppStore|Mixed Platforms.ActiveCfg = Release|Any CPU
		{8BA73740-09B9-4923-8D33-B4539FAB205F}.AppStore|Mixed Platforms.Build.0 = Release|Any CPU
		{8BA73740-09B9-4923-8D33-B4539FAB205F}.BypassNavigation|Any CPU.ActiveCfg = Debug|Any CPU
		{8BA73740-09B9-4923-8D33-B4539FAB205F}.BypassNavigation|iPhone.ActiveCfg = Debug|Any CPU
		{8BA73740-09B9-4923-8D33-B4539FAB205F}.BypassNavigation|iPhone.Build.0 = Debug|Any CPU
		{8BA73740-09B9-4923-8D33-B4539FAB205F}.BypassNavigation|iPhoneSimulator.ActiveCfg = Debug|Any CPU
		{8BA73740-09B9-4923-8D33-B4539FAB205F}.BypassNavigation|iPhoneSimulator.Build.0 = Debug|Any CPU
		{8BA73740-09B9-4923-8D33-B4539FAB205F}.BypassNavigation|Mixed Platforms.ActiveCfg = Release|Any CPU
		{8BA73740-09B9-4923-8D33-B4539FAB205F}.BypassNavigation|Mixed Platforms.Build.0 = Release|Any CPU
		{8BA73740-09B9-4923-8D33-B4539FAB205F}.Debug|Any CPU.ActiveCfg = Debug|Any CPU
		{8BA73740-09B9-4923-8D33-B4539FAB205F}.Debug|Any CPU.Build.0 = Debug|Any CPU
		{8BA73740-09B9-4923-8D33-B4539FAB205F}.Debug|iPhone.ActiveCfg = Debug|Any CPU
		{8BA73740-09B9-4923-8D33-B4539FAB205F}.Debug|iPhone.Build.0 = Debug|Any CPU
		{8BA73740-09B9-4923-8D33-B4539FAB205F}.Debug|iPhoneSimulator.ActiveCfg = Debug|Any CPU
		{8BA73740-09B9-4923-8D33-B4539FAB205F}.Debug|iPhoneSimulator.Build.0 = Debug|Any CPU
		{8BA73740-09B9-4923-8D33-B4539FAB205F}.Debug|Mixed Platforms.ActiveCfg = Debug|Any CPU
		{8BA73740-09B9-4923-8D33-B4539FAB205F}.Debug|Mixed Platforms.Build.0 = Debug|Any CPU
		{8BA73740-09B9-4923-8D33-B4539FAB205F}.Droid|Any CPU.ActiveCfg = Debug|Any CPU
		{8BA73740-09B9-4923-8D33-B4539FAB205F}.Droid|Any CPU.Build.0 = Debug|Any CPU
		{8BA73740-09B9-4923-8D33-B4539FAB205F}.Droid|iPhone.ActiveCfg = Debug|Any CPU
		{8BA73740-09B9-4923-8D33-B4539FAB205F}.Droid|iPhone.Build.0 = Debug|Any CPU
		{8BA73740-09B9-4923-8D33-B4539FAB205F}.Droid|iPhoneSimulator.ActiveCfg = Debug|Any CPU
		{8BA73740-09B9-4923-8D33-B4539FAB205F}.Droid|Mixed Platforms.ActiveCfg = Debug|Any CPU
		{8BA73740-09B9-4923-8D33-B4539FAB205F}.Droid|Mixed Platforms.Build.0 = Debug|Any CPU
		{8BA73740-09B9-4923-8D33-B4539FAB205F}.DroidRelease|Any CPU.ActiveCfg = Release|Any CPU
		{8BA73740-09B9-4923-8D33-B4539FAB205F}.DroidRelease|Any CPU.Build.0 = Release|Any CPU
		{8BA73740-09B9-4923-8D33-B4539FAB205F}.DroidRelease|iPhone.ActiveCfg = Debug|Any CPU
		{8BA73740-09B9-4923-8D33-B4539FAB205F}.DroidRelease|iPhone.Build.0 = Debug|Any CPU
		{8BA73740-09B9-4923-8D33-B4539FAB205F}.DroidRelease|iPhoneSimulator.ActiveCfg = Debug|Any CPU
		{8BA73740-09B9-4923-8D33-B4539FAB205F}.DroidRelease|Mixed Platforms.ActiveCfg = Release|Any CPU
		{8BA73740-09B9-4923-8D33-B4539FAB205F}.DroidRelease|Mixed Platforms.Build.0 = Release|Any CPU
		{8BA73740-09B9-4923-8D33-B4539FAB205F}.DroidTest|Any CPU.ActiveCfg = Debug|Any CPU
		{8BA73740-09B9-4923-8D33-B4539FAB205F}.DroidTest|Any CPU.Build.0 = Debug|Any CPU
		{8BA73740-09B9-4923-8D33-B4539FAB205F}.DroidTest|iPhone.ActiveCfg = Debug|Any CPU
		{8BA73740-09B9-4923-8D33-B4539FAB205F}.DroidTest|iPhoneSimulator.ActiveCfg = Debug|Any CPU
		{8BA73740-09B9-4923-8D33-B4539FAB205F}.DroidTest|Mixed Platforms.ActiveCfg = Debug|Any CPU
		{8BA73740-09B9-4923-8D33-B4539FAB205F}.DroidTest|Mixed Platforms.Build.0 = Debug|Any CPU
		{8BA73740-09B9-4923-8D33-B4539FAB205F}.Release|Any CPU.ActiveCfg = Release|Any CPU
		{8BA73740-09B9-4923-8D33-B4539FAB205F}.Release|Any CPU.Build.0 = Release|Any CPU
		{8BA73740-09B9-4923-8D33-B4539FAB205F}.Release|iPhone.ActiveCfg = Release|Any CPU
		{8BA73740-09B9-4923-8D33-B4539FAB205F}.Release|iPhone.Build.0 = Release|Any CPU
		{8BA73740-09B9-4923-8D33-B4539FAB205F}.Release|iPhoneSimulator.ActiveCfg = Release|Any CPU
		{8BA73740-09B9-4923-8D33-B4539FAB205F}.Release|iPhoneSimulator.Build.0 = Release|Any CPU
		{8BA73740-09B9-4923-8D33-B4539FAB205F}.Release|Mixed Platforms.ActiveCfg = Release|Any CPU
		{8BA73740-09B9-4923-8D33-B4539FAB205F}.Release|Mixed Platforms.Build.0 = Release|Any CPU
		{8238DFDC-C0D3-425C-919D-24A958297403}.Ad-Hoc|Any CPU.ActiveCfg = Debug|Any CPU
		{8238DFDC-C0D3-425C-919D-24A958297403}.Ad-Hoc|iPhone.ActiveCfg = Release|Any CPU
		{8238DFDC-C0D3-425C-919D-24A958297403}.Ad-Hoc|iPhone.Build.0 = Release|Any CPU
		{8238DFDC-C0D3-425C-919D-24A958297403}.Ad-Hoc|iPhoneSimulator.ActiveCfg = Debug|Any CPU
		{8238DFDC-C0D3-425C-919D-24A958297403}.Ad-Hoc|Mixed Platforms.ActiveCfg = TestCloud|Any CPU
		{8238DFDC-C0D3-425C-919D-24A958297403}.Ad-Hoc|Mixed Platforms.Build.0 = TestCloud|Any CPU
		{8238DFDC-C0D3-425C-919D-24A958297403}.AppStore|Any CPU.ActiveCfg = Debug|Any CPU
		{8238DFDC-C0D3-425C-919D-24A958297403}.AppStore|iPhone.ActiveCfg = Release|Any CPU
		{8238DFDC-C0D3-425C-919D-24A958297403}.AppStore|iPhone.Build.0 = Release|Any CPU
		{8238DFDC-C0D3-425C-919D-24A958297403}.AppStore|iPhoneSimulator.ActiveCfg = Debug|Any CPU
		{8238DFDC-C0D3-425C-919D-24A958297403}.AppStore|Mixed Platforms.ActiveCfg = TestCloud|Any CPU
		{8238DFDC-C0D3-425C-919D-24A958297403}.AppStore|Mixed Platforms.Build.0 = TestCloud|Any CPU
		{8238DFDC-C0D3-425C-919D-24A958297403}.BypassNavigation|Any CPU.ActiveCfg = Debug|Any CPU
		{8238DFDC-C0D3-425C-919D-24A958297403}.BypassNavigation|iPhone.ActiveCfg = Debug|Any CPU
		{8238DFDC-C0D3-425C-919D-24A958297403}.BypassNavigation|iPhone.Build.0 = Debug|Any CPU
		{8238DFDC-C0D3-425C-919D-24A958297403}.BypassNavigation|iPhoneSimulator.ActiveCfg = Debug|Any CPU
		{8238DFDC-C0D3-425C-919D-24A958297403}.BypassNavigation|iPhoneSimulator.Build.0 = Debug|Any CPU
		{8238DFDC-C0D3-425C-919D-24A958297403}.BypassNavigation|Mixed Platforms.ActiveCfg = TestCloud|Any CPU
		{8238DFDC-C0D3-425C-919D-24A958297403}.BypassNavigation|Mixed Platforms.Build.0 = TestCloud|Any CPU
		{8238DFDC-C0D3-425C-919D-24A958297403}.Debug|Any CPU.ActiveCfg = Debug|Any CPU
		{8238DFDC-C0D3-425C-919D-24A958297403}.Debug|Any CPU.Build.0 = Debug|Any CPU
		{8238DFDC-C0D3-425C-919D-24A958297403}.Debug|iPhone.ActiveCfg = Debug|Any CPU
		{8238DFDC-C0D3-425C-919D-24A958297403}.Debug|iPhone.Build.0 = Debug|Any CPU
		{8238DFDC-C0D3-425C-919D-24A958297403}.Debug|iPhoneSimulator.ActiveCfg = Debug|Any CPU
		{8238DFDC-C0D3-425C-919D-24A958297403}.Debug|iPhoneSimulator.Build.0 = Debug|Any CPU
		{8238DFDC-C0D3-425C-919D-24A958297403}.Debug|Mixed Platforms.ActiveCfg = Debug|Any CPU
		{8238DFDC-C0D3-425C-919D-24A958297403}.Debug|Mixed Platforms.Build.0 = Debug|Any CPU
		{8238DFDC-C0D3-425C-919D-24A958297403}.Droid|Any CPU.ActiveCfg = Debug|Any CPU
		{8238DFDC-C0D3-425C-919D-24A958297403}.Droid|Any CPU.Build.0 = Debug|Any CPU
		{8238DFDC-C0D3-425C-919D-24A958297403}.Droid|iPhone.ActiveCfg = Debug|Any CPU
		{8238DFDC-C0D3-425C-919D-24A958297403}.Droid|iPhone.Build.0 = Debug|Any CPU
		{8238DFDC-C0D3-425C-919D-24A958297403}.Droid|iPhoneSimulator.ActiveCfg = Debug|Any CPU
		{8238DFDC-C0D3-425C-919D-24A958297403}.Droid|Mixed Platforms.ActiveCfg = Debug|Any CPU
		{8238DFDC-C0D3-425C-919D-24A958297403}.Droid|Mixed Platforms.Build.0 = Debug|Any CPU
		{8238DFDC-C0D3-425C-919D-24A958297403}.DroidRelease|Any CPU.ActiveCfg = Release|Any CPU
		{8238DFDC-C0D3-425C-919D-24A958297403}.DroidRelease|Any CPU.Build.0 = Release|Any CPU
		{8238DFDC-C0D3-425C-919D-24A958297403}.DroidRelease|iPhone.ActiveCfg = Debug|Any CPU
		{8238DFDC-C0D3-425C-919D-24A958297403}.DroidRelease|iPhone.Build.0 = Debug|Any CPU
		{8238DFDC-C0D3-425C-919D-24A958297403}.DroidRelease|iPhoneSimulator.ActiveCfg = Debug|Any CPU
		{8238DFDC-C0D3-425C-919D-24A958297403}.DroidRelease|Mixed Platforms.ActiveCfg = Release|Any CPU
		{8238DFDC-C0D3-425C-919D-24A958297403}.DroidRelease|Mixed Platforms.Build.0 = Release|Any CPU
		{8238DFDC-C0D3-425C-919D-24A958297403}.DroidTest|Any CPU.ActiveCfg = Debug|Any CPU
		{8238DFDC-C0D3-425C-919D-24A958297403}.DroidTest|Any CPU.Build.0 = Debug|Any CPU
		{8238DFDC-C0D3-425C-919D-24A958297403}.DroidTest|iPhone.ActiveCfg = Debug|Any CPU
		{8238DFDC-C0D3-425C-919D-24A958297403}.DroidTest|iPhoneSimulator.ActiveCfg = Debug|Any CPU
		{8238DFDC-C0D3-425C-919D-24A958297403}.DroidTest|Mixed Platforms.ActiveCfg = Debug|Any CPU
		{8238DFDC-C0D3-425C-919D-24A958297403}.DroidTest|Mixed Platforms.Build.0 = Debug|Any CPU
		{8238DFDC-C0D3-425C-919D-24A958297403}.Release|Any CPU.ActiveCfg = Release|Any CPU
		{8238DFDC-C0D3-425C-919D-24A958297403}.Release|Any CPU.Build.0 = Release|Any CPU
		{8238DFDC-C0D3-425C-919D-24A958297403}.Release|iPhone.ActiveCfg = Release|Any CPU
		{8238DFDC-C0D3-425C-919D-24A958297403}.Release|iPhone.Build.0 = Release|Any CPU
		{8238DFDC-C0D3-425C-919D-24A958297403}.Release|iPhoneSimulator.ActiveCfg = Release|Any CPU
		{8238DFDC-C0D3-425C-919D-24A958297403}.Release|iPhoneSimulator.Build.0 = Release|Any CPU
		{8238DFDC-C0D3-425C-919D-24A958297403}.Release|Mixed Platforms.ActiveCfg = Release|Any CPU
		{8238DFDC-C0D3-425C-919D-24A958297403}.Release|Mixed Platforms.Build.0 = Release|Any CPU
		{4F95195C-0B8D-46F2-93A5-E5BBAB30BB8D}.Ad-Hoc|Any CPU.ActiveCfg = Release|Any CPU
		{4F95195C-0B8D-46F2-93A5-E5BBAB30BB8D}.Ad-Hoc|Any CPU.Build.0 = Release|Any CPU
		{4F95195C-0B8D-46F2-93A5-E5BBAB30BB8D}.Ad-Hoc|iPhone.ActiveCfg = Release|Any CPU
		{4F95195C-0B8D-46F2-93A5-E5BBAB30BB8D}.Ad-Hoc|iPhoneSimulator.ActiveCfg = Release|Any CPU
		{4F95195C-0B8D-46F2-93A5-E5BBAB30BB8D}.Ad-Hoc|Mixed Platforms.ActiveCfg = Release|Any CPU
		{4F95195C-0B8D-46F2-93A5-E5BBAB30BB8D}.Ad-Hoc|Mixed Platforms.Build.0 = Release|Any CPU
		{4F95195C-0B8D-46F2-93A5-E5BBAB30BB8D}.AppStore|Any CPU.ActiveCfg = Release|Any CPU
		{4F95195C-0B8D-46F2-93A5-E5BBAB30BB8D}.AppStore|Any CPU.Build.0 = Release|Any CPU
		{4F95195C-0B8D-46F2-93A5-E5BBAB30BB8D}.AppStore|iPhone.ActiveCfg = Release|Any CPU
		{4F95195C-0B8D-46F2-93A5-E5BBAB30BB8D}.AppStore|iPhoneSimulator.ActiveCfg = Release|Any CPU
		{4F95195C-0B8D-46F2-93A5-E5BBAB30BB8D}.AppStore|Mixed Platforms.ActiveCfg = Release|Any CPU
		{4F95195C-0B8D-46F2-93A5-E5BBAB30BB8D}.AppStore|Mixed Platforms.Build.0 = Release|Any CPU
		{4F95195C-0B8D-46F2-93A5-E5BBAB30BB8D}.BypassNavigation|Any CPU.ActiveCfg = Release|Any CPU
		{4F95195C-0B8D-46F2-93A5-E5BBAB30BB8D}.BypassNavigation|Any CPU.Build.0 = Release|Any CPU
		{4F95195C-0B8D-46F2-93A5-E5BBAB30BB8D}.BypassNavigation|iPhone.ActiveCfg = Release|Any CPU
		{4F95195C-0B8D-46F2-93A5-E5BBAB30BB8D}.BypassNavigation|iPhoneSimulator.ActiveCfg = Release|Any CPU
		{4F95195C-0B8D-46F2-93A5-E5BBAB30BB8D}.BypassNavigation|Mixed Platforms.ActiveCfg = Release|Any CPU
		{4F95195C-0B8D-46F2-93A5-E5BBAB30BB8D}.BypassNavigation|Mixed Platforms.Build.0 = Release|Any CPU
		{4F95195C-0B8D-46F2-93A5-E5BBAB30BB8D}.Debug|Any CPU.ActiveCfg = Debug|Any CPU
		{4F95195C-0B8D-46F2-93A5-E5BBAB30BB8D}.Debug|Any CPU.Build.0 = Debug|Any CPU
		{4F95195C-0B8D-46F2-93A5-E5BBAB30BB8D}.Debug|iPhone.ActiveCfg = Debug|Any CPU
		{4F95195C-0B8D-46F2-93A5-E5BBAB30BB8D}.Debug|iPhoneSimulator.ActiveCfg = Debug|Any CPU
		{4F95195C-0B8D-46F2-93A5-E5BBAB30BB8D}.Debug|Mixed Platforms.ActiveCfg = Debug|Any CPU
		{4F95195C-0B8D-46F2-93A5-E5BBAB30BB8D}.Debug|Mixed Platforms.Build.0 = Debug|Any CPU
		{4F95195C-0B8D-46F2-93A5-E5BBAB30BB8D}.Droid|Any CPU.ActiveCfg = Debug|Any CPU
		{4F95195C-0B8D-46F2-93A5-E5BBAB30BB8D}.Droid|Any CPU.Build.0 = Debug|Any CPU
		{4F95195C-0B8D-46F2-93A5-E5BBAB30BB8D}.Droid|iPhone.ActiveCfg = Debug|Any CPU
		{4F95195C-0B8D-46F2-93A5-E5BBAB30BB8D}.Droid|iPhoneSimulator.ActiveCfg = Debug|Any CPU
		{4F95195C-0B8D-46F2-93A5-E5BBAB30BB8D}.Droid|Mixed Platforms.ActiveCfg = Debug|Any CPU
		{4F95195C-0B8D-46F2-93A5-E5BBAB30BB8D}.Droid|Mixed Platforms.Build.0 = Debug|Any CPU
		{4F95195C-0B8D-46F2-93A5-E5BBAB30BB8D}.DroidRelease|Any CPU.ActiveCfg = Release|Any CPU
		{4F95195C-0B8D-46F2-93A5-E5BBAB30BB8D}.DroidRelease|Any CPU.Build.0 = Release|Any CPU
		{4F95195C-0B8D-46F2-93A5-E5BBAB30BB8D}.DroidRelease|iPhone.ActiveCfg = Release|Any CPU
		{4F95195C-0B8D-46F2-93A5-E5BBAB30BB8D}.DroidRelease|iPhoneSimulator.ActiveCfg = Release|Any CPU
		{4F95195C-0B8D-46F2-93A5-E5BBAB30BB8D}.DroidRelease|Mixed Platforms.ActiveCfg = Release|Any CPU
		{4F95195C-0B8D-46F2-93A5-E5BBAB30BB8D}.DroidRelease|Mixed Platforms.Build.0 = Release|Any CPU
		{4F95195C-0B8D-46F2-93A5-E5BBAB30BB8D}.DroidTest|Any CPU.ActiveCfg = Debug|Any CPU
		{4F95195C-0B8D-46F2-93A5-E5BBAB30BB8D}.DroidTest|Any CPU.Build.0 = Debug|Any CPU
		{4F95195C-0B8D-46F2-93A5-E5BBAB30BB8D}.DroidTest|iPhone.ActiveCfg = Debug|Any CPU
		{4F95195C-0B8D-46F2-93A5-E5BBAB30BB8D}.DroidTest|iPhoneSimulator.ActiveCfg = Debug|Any CPU
		{4F95195C-0B8D-46F2-93A5-E5BBAB30BB8D}.DroidTest|Mixed Platforms.ActiveCfg = Debug|Any CPU
		{4F95195C-0B8D-46F2-93A5-E5BBAB30BB8D}.DroidTest|Mixed Platforms.Build.0 = Debug|Any CPU
		{4F95195C-0B8D-46F2-93A5-E5BBAB30BB8D}.Release|Any CPU.ActiveCfg = Release|Any CPU
		{4F95195C-0B8D-46F2-93A5-E5BBAB30BB8D}.Release|Any CPU.Build.0 = Release|Any CPU
		{4F95195C-0B8D-46F2-93A5-E5BBAB30BB8D}.Release|iPhone.ActiveCfg = Release|Any CPU
		{4F95195C-0B8D-46F2-93A5-E5BBAB30BB8D}.Release|iPhoneSimulator.ActiveCfg = Release|Any CPU
		{4F95195C-0B8D-46F2-93A5-E5BBAB30BB8D}.Release|Mixed Platforms.ActiveCfg = Release|Any CPU
		{4F95195C-0B8D-46F2-93A5-E5BBAB30BB8D}.Release|Mixed Platforms.Build.0 = Release|Any CPU
		{AD9AC37D-DF2D-4B68-B421-AC2F8C2AE3B4}.Ad-Hoc|Any CPU.ActiveCfg = Release|Any CPU
		{AD9AC37D-DF2D-4B68-B421-AC2F8C2AE3B4}.Ad-Hoc|Any CPU.Build.0 = Release|Any CPU
		{AD9AC37D-DF2D-4B68-B421-AC2F8C2AE3B4}.Ad-Hoc|iPhone.ActiveCfg = Release|Any CPU
		{AD9AC37D-DF2D-4B68-B421-AC2F8C2AE3B4}.Ad-Hoc|iPhoneSimulator.ActiveCfg = Release|Any CPU
		{AD9AC37D-DF2D-4B68-B421-AC2F8C2AE3B4}.Ad-Hoc|Mixed Platforms.ActiveCfg = Release|Any CPU
		{AD9AC37D-DF2D-4B68-B421-AC2F8C2AE3B4}.Ad-Hoc|Mixed Platforms.Build.0 = Release|Any CPU
		{AD9AC37D-DF2D-4B68-B421-AC2F8C2AE3B4}.AppStore|Any CPU.ActiveCfg = Release|Any CPU
		{AD9AC37D-DF2D-4B68-B421-AC2F8C2AE3B4}.AppStore|Any CPU.Build.0 = Release|Any CPU
		{AD9AC37D-DF2D-4B68-B421-AC2F8C2AE3B4}.AppStore|iPhone.ActiveCfg = Release|Any CPU
		{AD9AC37D-DF2D-4B68-B421-AC2F8C2AE3B4}.AppStore|iPhoneSimulator.ActiveCfg = Release|Any CPU
		{AD9AC37D-DF2D-4B68-B421-AC2F8C2AE3B4}.AppStore|Mixed Platforms.ActiveCfg = Release|Any CPU
		{AD9AC37D-DF2D-4B68-B421-AC2F8C2AE3B4}.AppStore|Mixed Platforms.Build.0 = Release|Any CPU
		{AD9AC37D-DF2D-4B68-B421-AC2F8C2AE3B4}.BypassNavigation|Any CPU.ActiveCfg = Release|Any CPU
		{AD9AC37D-DF2D-4B68-B421-AC2F8C2AE3B4}.BypassNavigation|Any CPU.Build.0 = Release|Any CPU
		{AD9AC37D-DF2D-4B68-B421-AC2F8C2AE3B4}.BypassNavigation|iPhone.ActiveCfg = Release|Any CPU
		{AD9AC37D-DF2D-4B68-B421-AC2F8C2AE3B4}.BypassNavigation|iPhoneSimulator.ActiveCfg = Release|Any CPU
		{AD9AC37D-DF2D-4B68-B421-AC2F8C2AE3B4}.BypassNavigation|Mixed Platforms.ActiveCfg = Release|Any CPU
		{AD9AC37D-DF2D-4B68-B421-AC2F8C2AE3B4}.BypassNavigation|Mixed Platforms.Build.0 = Release|Any CPU
		{AD9AC37D-DF2D-4B68-B421-AC2F8C2AE3B4}.Debug|Any CPU.ActiveCfg = Debug|Any CPU
		{AD9AC37D-DF2D-4B68-B421-AC2F8C2AE3B4}.Debug|Any CPU.Build.0 = Debug|Any CPU
		{AD9AC37D-DF2D-4B68-B421-AC2F8C2AE3B4}.Debug|iPhone.ActiveCfg = Debug|Any CPU
		{AD9AC37D-DF2D-4B68-B421-AC2F8C2AE3B4}.Debug|iPhoneSimulator.ActiveCfg = Debug|Any CPU
		{AD9AC37D-DF2D-4B68-B421-AC2F8C2AE3B4}.Debug|Mixed Platforms.ActiveCfg = Debug|Any CPU
		{AD9AC37D-DF2D-4B68-B421-AC2F8C2AE3B4}.Debug|Mixed Platforms.Build.0 = Debug|Any CPU
		{AD9AC37D-DF2D-4B68-B421-AC2F8C2AE3B4}.Droid|Any CPU.ActiveCfg = Debug|Any CPU
		{AD9AC37D-DF2D-4B68-B421-AC2F8C2AE3B4}.Droid|Any CPU.Build.0 = Debug|Any CPU
		{AD9AC37D-DF2D-4B68-B421-AC2F8C2AE3B4}.Droid|iPhone.ActiveCfg = Debug|Any CPU
		{AD9AC37D-DF2D-4B68-B421-AC2F8C2AE3B4}.Droid|iPhoneSimulator.ActiveCfg = Debug|Any CPU
		{AD9AC37D-DF2D-4B68-B421-AC2F8C2AE3B4}.Droid|Mixed Platforms.ActiveCfg = Debug|Any CPU
		{AD9AC37D-DF2D-4B68-B421-AC2F8C2AE3B4}.Droid|Mixed Platforms.Build.0 = Debug|Any CPU
		{AD9AC37D-DF2D-4B68-B421-AC2F8C2AE3B4}.DroidRelease|Any CPU.ActiveCfg = Release|Any CPU
		{AD9AC37D-DF2D-4B68-B421-AC2F8C2AE3B4}.DroidRelease|Any CPU.Build.0 = Release|Any CPU
		{AD9AC37D-DF2D-4B68-B421-AC2F8C2AE3B4}.DroidRelease|iPhone.ActiveCfg = Release|Any CPU
		{AD9AC37D-DF2D-4B68-B421-AC2F8C2AE3B4}.DroidRelease|iPhoneSimulator.ActiveCfg = Release|Any CPU
		{AD9AC37D-DF2D-4B68-B421-AC2F8C2AE3B4}.DroidRelease|Mixed Platforms.ActiveCfg = Release|Any CPU
		{AD9AC37D-DF2D-4B68-B421-AC2F8C2AE3B4}.DroidRelease|Mixed Platforms.Build.0 = Release|Any CPU
		{AD9AC37D-DF2D-4B68-B421-AC2F8C2AE3B4}.DroidTest|Any CPU.ActiveCfg = Debug|Any CPU
		{AD9AC37D-DF2D-4B68-B421-AC2F8C2AE3B4}.DroidTest|Any CPU.Build.0 = Debug|Any CPU
		{AD9AC37D-DF2D-4B68-B421-AC2F8C2AE3B4}.DroidTest|iPhone.ActiveCfg = Debug|Any CPU
		{AD9AC37D-DF2D-4B68-B421-AC2F8C2AE3B4}.DroidTest|iPhoneSimulator.ActiveCfg = Debug|Any CPU
		{AD9AC37D-DF2D-4B68-B421-AC2F8C2AE3B4}.DroidTest|Mixed Platforms.ActiveCfg = Debug|Any CPU
		{AD9AC37D-DF2D-4B68-B421-AC2F8C2AE3B4}.DroidTest|Mixed Platforms.Build.0 = Debug|Any CPU
		{AD9AC37D-DF2D-4B68-B421-AC2F8C2AE3B4}.Release|Any CPU.ActiveCfg = Release|Any CPU
		{AD9AC37D-DF2D-4B68-B421-AC2F8C2AE3B4}.Release|Any CPU.Build.0 = Release|Any CPU
		{AD9AC37D-DF2D-4B68-B421-AC2F8C2AE3B4}.Release|iPhone.ActiveCfg = Release|Any CPU
		{AD9AC37D-DF2D-4B68-B421-AC2F8C2AE3B4}.Release|iPhoneSimulator.ActiveCfg = Release|Any CPU
		{AD9AC37D-DF2D-4B68-B421-AC2F8C2AE3B4}.Release|Mixed Platforms.ActiveCfg = Release|Any CPU
		{AD9AC37D-DF2D-4B68-B421-AC2F8C2AE3B4}.Release|Mixed Platforms.Build.0 = Release|Any CPU
		{ECDC4193-57B0-4089-8100-59D1117C86FC}.Ad-Hoc|Any CPU.ActiveCfg = Release|Any CPU
		{ECDC4193-57B0-4089-8100-59D1117C86FC}.Ad-Hoc|Any CPU.Build.0 = Release|Any CPU
		{ECDC4193-57B0-4089-8100-59D1117C86FC}.Ad-Hoc|iPhone.ActiveCfg = Release|Any CPU
		{ECDC4193-57B0-4089-8100-59D1117C86FC}.Ad-Hoc|iPhoneSimulator.ActiveCfg = Release|Any CPU
		{ECDC4193-57B0-4089-8100-59D1117C86FC}.Ad-Hoc|Mixed Platforms.ActiveCfg = Release|Any CPU
		{ECDC4193-57B0-4089-8100-59D1117C86FC}.Ad-Hoc|Mixed Platforms.Build.0 = Release|Any CPU
		{ECDC4193-57B0-4089-8100-59D1117C86FC}.AppStore|Any CPU.ActiveCfg = Release|Any CPU
		{ECDC4193-57B0-4089-8100-59D1117C86FC}.AppStore|Any CPU.Build.0 = Release|Any CPU
		{ECDC4193-57B0-4089-8100-59D1117C86FC}.AppStore|iPhone.ActiveCfg = Release|Any CPU
		{ECDC4193-57B0-4089-8100-59D1117C86FC}.AppStore|iPhoneSimulator.ActiveCfg = Release|Any CPU
		{ECDC4193-57B0-4089-8100-59D1117C86FC}.AppStore|Mixed Platforms.ActiveCfg = Release|Any CPU
		{ECDC4193-57B0-4089-8100-59D1117C86FC}.AppStore|Mixed Platforms.Build.0 = Release|Any CPU
		{ECDC4193-57B0-4089-8100-59D1117C86FC}.BypassNavigation|Any CPU.ActiveCfg = Release|Any CPU
		{ECDC4193-57B0-4089-8100-59D1117C86FC}.BypassNavigation|Any CPU.Build.0 = Release|Any CPU
		{ECDC4193-57B0-4089-8100-59D1117C86FC}.BypassNavigation|iPhone.ActiveCfg = Release|Any CPU
		{ECDC4193-57B0-4089-8100-59D1117C86FC}.BypassNavigation|iPhoneSimulator.ActiveCfg = Release|Any CPU
		{ECDC4193-57B0-4089-8100-59D1117C86FC}.BypassNavigation|Mixed Platforms.ActiveCfg = Release|Any CPU
		{ECDC4193-57B0-4089-8100-59D1117C86FC}.BypassNavigation|Mixed Platforms.Build.0 = Release|Any CPU
		{ECDC4193-57B0-4089-8100-59D1117C86FC}.Debug|Any CPU.ActiveCfg = Debug|Any CPU
		{ECDC4193-57B0-4089-8100-59D1117C86FC}.Debug|Any CPU.Build.0 = Debug|Any CPU
		{ECDC4193-57B0-4089-8100-59D1117C86FC}.Debug|iPhone.ActiveCfg = Debug|Any CPU
		{ECDC4193-57B0-4089-8100-59D1117C86FC}.Debug|iPhoneSimulator.ActiveCfg = Debug|Any CPU
		{ECDC4193-57B0-4089-8100-59D1117C86FC}.Debug|Mixed Platforms.ActiveCfg = Debug|Any CPU
		{ECDC4193-57B0-4089-8100-59D1117C86FC}.Debug|Mixed Platforms.Build.0 = Debug|Any CPU
		{ECDC4193-57B0-4089-8100-59D1117C86FC}.Droid|Any CPU.ActiveCfg = Debug|Any CPU
		{ECDC4193-57B0-4089-8100-59D1117C86FC}.Droid|Any CPU.Build.0 = Debug|Any CPU
		{ECDC4193-57B0-4089-8100-59D1117C86FC}.Droid|iPhone.ActiveCfg = Debug|Any CPU
		{ECDC4193-57B0-4089-8100-59D1117C86FC}.Droid|iPhoneSimulator.ActiveCfg = Debug|Any CPU
		{ECDC4193-57B0-4089-8100-59D1117C86FC}.Droid|Mixed Platforms.ActiveCfg = Debug|Any CPU
		{ECDC4193-57B0-4089-8100-59D1117C86FC}.Droid|Mixed Platforms.Build.0 = Debug|Any CPU
		{ECDC4193-57B0-4089-8100-59D1117C86FC}.DroidRelease|Any CPU.ActiveCfg = Release|Any CPU
		{ECDC4193-57B0-4089-8100-59D1117C86FC}.DroidRelease|Any CPU.Build.0 = Release|Any CPU
		{ECDC4193-57B0-4089-8100-59D1117C86FC}.DroidRelease|iPhone.ActiveCfg = Release|Any CPU
		{ECDC4193-57B0-4089-8100-59D1117C86FC}.DroidRelease|iPhoneSimulator.ActiveCfg = Release|Any CPU
		{ECDC4193-57B0-4089-8100-59D1117C86FC}.DroidRelease|Mixed Platforms.ActiveCfg = Release|Any CPU
		{ECDC4193-57B0-4089-8100-59D1117C86FC}.DroidRelease|Mixed Platforms.Build.0 = Release|Any CPU
		{ECDC4193-57B0-4089-8100-59D1117C86FC}.DroidTest|Any CPU.ActiveCfg = Debug|Any CPU
		{ECDC4193-57B0-4089-8100-59D1117C86FC}.DroidTest|Any CPU.Build.0 = Debug|Any CPU
		{ECDC4193-57B0-4089-8100-59D1117C86FC}.DroidTest|iPhone.ActiveCfg = Debug|Any CPU
		{ECDC4193-57B0-4089-8100-59D1117C86FC}.DroidTest|iPhoneSimulator.ActiveCfg = Debug|Any CPU
		{ECDC4193-57B0-4089-8100-59D1117C86FC}.DroidTest|Mixed Platforms.ActiveCfg = Debug|Any CPU
		{ECDC4193-57B0-4089-8100-59D1117C86FC}.DroidTest|Mixed Platforms.Build.0 = Debug|Any CPU
		{ECDC4193-57B0-4089-8100-59D1117C86FC}.Release|Any CPU.ActiveCfg = Release|Any CPU
		{ECDC4193-57B0-4089-8100-59D1117C86FC}.Release|Any CPU.Build.0 = Release|Any CPU
		{ECDC4193-57B0-4089-8100-59D1117C86FC}.Release|iPhone.ActiveCfg = Release|Any CPU
		{ECDC4193-57B0-4089-8100-59D1117C86FC}.Release|iPhoneSimulator.ActiveCfg = Release|Any CPU
		{ECDC4193-57B0-4089-8100-59D1117C86FC}.Release|Mixed Platforms.ActiveCfg = Release|Any CPU
		{ECDC4193-57B0-4089-8100-59D1117C86FC}.Release|Mixed Platforms.Build.0 = Release|Any CPU
	EndGlobalSection
	GlobalSection(SolutionProperties) = preSolution
		HideSolutionNode = FALSE
	EndGlobalSection
	GlobalSection(NestedProjects) = preSolution
		{82D90133-B8A7-4810-B2C4-661808A0062B} = {19F7345F-A758-4B1C-9C8F-7D54D62BC5C2}
		{8E25E0C6-BAAF-45DE-AE8C-0A7A6B84DE23} = {19F7345F-A758-4B1C-9C8F-7D54D62BC5C2}
		{04815E0A-0E38-4A0F-A821-530C371CD2DA} = {772F7A6F-9237-4FC6-BEDF-2F12C361CA3E}
		{89E087F1-CE85-443F-8AA9-ABB0867BEE41} = {772F7A6F-9237-4FC6-BEDF-2F12C361CA3E}
		{CF876A71-9E29-4F7C-ABC7-BE9FE04E47B4} = {204AD090-2AA2-4384-A7B8-F719D462E46F}
		{8BA73740-09B9-4923-8D33-B4539FAB205F} = {204AD090-2AA2-4384-A7B8-F719D462E46F}
		{8238DFDC-C0D3-425C-919D-24A958297403} = {204AD090-2AA2-4384-A7B8-F719D462E46F}
		{4F95195C-0B8D-46F2-93A5-E5BBAB30BB8D} = {204AD090-2AA2-4384-A7B8-F719D462E46F}
		{AD9AC37D-DF2D-4B68-B421-AC2F8C2AE3B4} = {204AD090-2AA2-4384-A7B8-F719D462E46F}
		{ECDC4193-57B0-4089-8100-59D1117C86FC} = {204AD090-2AA2-4384-A7B8-F719D462E46F}
	EndGlobalSection
EndGlobal
