
Microsoft Visual Studio Solution File, Format Version 11.00
# Visual Studio 2010
Project("{FAE04EC0-301F-11D3-BF4B-00C04F79EFBC}") = "SDSegmentedControlSampleClassic", "SDSegmentedControlSample\SDSegmentedControlSample-Classic.csproj", "{1742A89D-6376-4210-9B3C-A318AB8FA3A7}"
EndProject
Global
	GlobalSection(SolutionConfigurationPlatforms) = preSolution
		Debug|iPhoneSimulator = Debug|iPhoneSimulator
		Release|iPhoneSimulator = Release|iPhoneSimulator
		Debug|iPhone = Debug|iPhone
		Release|iPhone = Release|iPhone
		Ad-Hoc|iPhone = Ad-Hoc|iPhone
		AppStore|iPhone = AppStore|iPhone
	EndGlobalSection
	GlobalSection(ProjectConfigurationPlatforms) = postSolution
		{1742A89D-6376-4210-9B3C-A318AB8FA3A7}.Ad-Hoc|iPhone.ActiveCfg = Ad-Hoc|iPhone
		{1742A89D-6376-4210-9B3C-A318AB8FA3A7}.Ad-Hoc|iPhone.Build.0 = Ad-Hoc|iPhone
		{1742A89D-6376-4210-9B3C-A318AB8FA3A7}.AppStore|iPhone.ActiveCfg = AppStore|iPhone
		{1742A89D-6376-4210-9B3C-A318AB8FA3A7}.AppStore|iPhone.Build.0 = AppStore|iPhone
		{1742A89D-6376-4210-9B3C-A318AB8FA3A7}.Debug|iPhone.ActiveCfg = Debug|iPhone
		{1742A89D-6376-4210-9B3C-A318AB8FA3A7}.Debug|iPhone.Build.0 = Debug|iPhone
		{1742A89D-6376-4210-9B3C-A318AB8FA3A7}.Debug|iPhoneSimulator.ActiveCfg = Debug|iPhoneSimulator
		{1742A89D-6376-4210-9B3C-A318AB8FA3A7}.Debug|iPhoneSimulator.Build.0 = Debug|iPhoneSimulator
		{1742A89D-6376-4210-9B3C-A318AB8FA3A7}.Release|iPhone.ActiveCfg = Release|iPhone
		{1742A89D-6376-4210-9B3C-A318AB8FA3A7}.Release|iPhone.Build.0 = Release|iPhone
		{1742A89D-6376-4210-9B3C-A318AB8FA3A7}.Release|iPhoneSimulator.ActiveCfg = Release|iPhoneSimulator
		{1742A89D-6376-4210-9B3C-A318AB8FA3A7}.Release|iPhoneSimulator.Build.0 = Release|iPhoneSimulator
	EndGlobalSection
	GlobalSection(MonoDevelopProperties) = preSolution
		StartupItem = SDSegmentedControlSample\SDSegmentedControlSample.csproj
	EndGlobalSection
EndGlobal
